<?xml version="1.0" encoding="utf-8"?>
<Project ToolsVersion="4.0" xmlns="http://schemas.microsoft.com/developer/msbuild/2003">
  <ItemGroup>
    <Filter Include="Headers">
      <UniqueIdentifier>{C196CD9C-2D76-4C38-368E-D70EA2ECB299}</UniqueIdentifier>
    </Filter>
    <Filter Include="Shader">
      <UniqueIdentifier>{FC0C0CD1-E8AE-36A7-D169-4AFBBDAABDF7}</UniqueIdentifier>
    </Filter>
    <Filter Include="Sources">
      <UniqueIdentifier>{89565304-F535-D29F-FE4D-5D766AAC3801}</UniqueIdentifier>
    </Filter>
  </ItemGroup>
  <ItemGroup>
    <ClInclude Include="CustomGUI.h">
      <Filter>Headers</Filter>
    </ClInclude>
    <ClInclude Include="EgdeDetectionPass.h">
      <Filter>Headers</Filter>
    </ClInclude>
    <ClInclude Include="GatherBufferPass.h">
      <Filter>Headers</Filter>
    </ClInclude>
    <ClInclude Include="GaussianBlurPass.h">
      <Filter>Headers</Filter>
    </ClInclude>
    <ClInclude Include="LightSource.h">
      <Filter>Headers</Filter>
    </ClInclude>
    <ClInclude Include="ScreenQuadPass.h">
      <Filter>Headers</Filter>
    </ClInclude>
    <ClInclude Include="ShadingOnSplitedGBufferPass.h">
      <Filter>Headers</Filter>
    </ClInclude>
    <ClInclude Include="SplitGBufferPass.h">
      <Filter>Headers</Filter>
    </ClInclude>
    <ClInclude Include="Sponza.h">
      <Filter>Headers</Filter>
    </ClInclude>
    <ClInclude Include="SponzaGBufferPass.h">
      <Filter>Headers</Filter>
    </ClInclude>
  </ItemGroup>
  <ItemGroup>
    <ClCompile Include="CustomGUI.cpp">
      <Filter>Sources</Filter>
    </ClCompile>
    <ClCompile Include="EgdeDetectionPass.cpp">
      <Filter>Sources</Filter>
    </ClCompile>
    <ClCompile Include="GatherBufferPass.cpp">
      <Filter>Sources</Filter>
    </ClCompile>
    <ClCompile Include="GaussianBlurPass.cpp">
      <Filter>Sources</Filter>
    </ClCompile>
    <ClCompile Include="LightSource.cpp">
      <Filter>Sources</Filter>
    </ClCompile>
    <ClCompile Include="ScreenQuadPass.cpp">
      <Filter>Sources</Filter>
    </ClCompile>
    <ClCompile Include="ShadingOnSplitedGBufferPass.cpp">
      <Filter>Sources</Filter>
    </ClCompile>
    <ClCompile Include="SplitGBufferPass.cpp">
      <Filter>Sources</Filter>
    </ClCompile>
    <ClCompile Include="Sponza.cpp">
      <Filter>Sources</Filter>
    </ClCompile>
    <ClCompile Include="SponzaGBufferPass.cpp">
      <Filter>Sources</Filter>
    </ClCompile>
    <ClCompile Include="main.cpp">
      <Filter>Sources</Filter>
    </ClCompile>
  </ItemGroup>
  <ItemGroup>
    <None Include="EgdeDetection_CS.glsl">
      <Filter>Shader</Filter>
    </None>
    <None Include="GatherBufferPass_CS.glsl">
      <Filter>Shader</Filter>
    </None>
    <None Include="GaussianBlur_CS.glsl">
      <Filter>Shader</Filter>
    </None>
    <None Include="ScreenQuad_FS.glsl">
      <Filter>Shader</Filter>
    </None>
    <None Include="ScreenQuad_VS.glsl">
      <Filter>Shader</Filter>
    </None>
    <None Include="ShadingOnSplitedGBuffer_CS.glsl">
      <Filter>Shader</Filter>
    </None>
    <None Include="SplitGBuffer_CS.glsl">
      <Filter>Shader</Filter>
    </None>
    <None Include="Sponza_FS.glsl">
      <Filter>Shader</Filter>
    </None>
    <None Include="Sponza_VS.glsl">
      <Filter>Shader</Filter>
    </None>
  </ItemGroup>
</Project>