
Microsoft Visual Studio Solution File, Format Version 12.00
# Visual Studio 15
VisualStudioVersion = 15.0.28307.852
MinimumVisualStudioVersion = 10.0.40219.1
Project("{8BC9CEB8-8B4A-11D0-8D11-00A0C91BC942}") = "FRAME", "FRAME\FRAME.vcxproj", "{17E19055-C565-4938-B82C-442B81F2353C}"
EndProject
Project("{8BC9CEB8-8B4A-11D0-8D11-00A0C91BC942}") = "001_Reflective shadow map", "001_Reflective shadow map\001_Reflective shadow map.vcxproj", "{5E259379-45A9-4BAC-8397-F532D950A9C6}"
EndProject
Project("{8BC9CEB8-8B4A-11D0-8D11-00A0C91BC942}") = "002_Non-interleaved Deferred Shading of Interleaved Sample", "002_Non-interleaved Deferred Shading of Interleaved Sample\002_Non-interleaved Deferred Shading of Interleaved Sample.vcxproj", "{A5653491-CD8D-42D1-9001-7098F42310EC}"
EndProject
Project("{8BC9CEB8-8B4A-11D0-8D11-00A0C91BC942}") = "003_Stochastic Light Culling", "003_Stochastic Light Culling\003_Stochastic Light Culling.vcxproj", "{7514D0DF-CA3F-45BF-99FD-006750211566}"
EndProject
Project("{8BC9CEB8-8B4A-11D0-8D11-00A0C91BC942}") = "004_Metalights Improved Interleaved Shading", "004_Metalights Improved Interleaved Shading\004_Metalights Improved Interleaved Shading.vcxproj", "{61461882-CA24-4828-B64B-3F3DAA9D2603}"
EndProject
Project("{8BC9CEB8-8B4A-11D0-8D11-00A0C91BC942}") = "005_Interactive Order Independent Transparency", "005_Interactive Order Independent Transparency\005_Interactive Order Independent Transparency.vcxproj", "{0FA91BD3-6F31-4069-AB5E-61A3AF0C3302}"
EndProject
Project("{8BC9CEB8-8B4A-11D0-8D11-00A0C91BC942}") = "006_Wang Tiles for Image and Texture Generation", "006_Wang Tiles for Image and Texture Generation\006_Wang Tiles for Image and Texture Generation.vcxproj", "{03D49C9A-2DFF-4584-AF48-80353C6270BA}"
EndProject
Project("{8BC9CEB8-8B4A-11D0-8D11-00A0C91BC942}") = "007_Tile Shading", "007_Tile Shading\007_Tile Shading.vcxproj", "{F283DCE3-4303-4034-AD18-00E946B4C0F2}"
EndProject
Project("{8BC9CEB8-8B4A-11D0-8D11-00A0C91BC942}") = "008_A Non-Photorealistic Lighting Model", "008_A Non-Photorealistic Lighting Model\008_A Non-Photorealistic Lighting Model.vcxproj", "{52E790D6-4B60-46FD-B7D7-BA4A52BB39E6}"
EndProject
Project("{2150E333-8FDC-42A3-9474-1A3956D46DE8}") = "supplement", "supplement", "{A03BAF1F-EE48-42BE-83FC-A0DBBD02FCEE}"
EndProject
Project("{8BC9CEB8-8B4A-11D0-8D11-00A0C91BC942}") = "009_Spherical Harmonic Lighting The Gritty Details", "009_Spherical Harmonic Lighting The Gritty Details\009_Spherical Harmonic Lighting The Gritty Details.vcxproj", "{588E6F12-61ED-42A9-891D-6B12D3DD93AA}"
EndProject
Project("{8BC9CEB8-8B4A-11D0-8D11-00A0C91BC942}") = "SH_Sampler", "SH_Sampler\SH_Sampler.vcxproj", "{41DA8CC3-24CF-4E6A-8CAE-A5AD1452D9FD}"
EndProject
Project("{8BC9CEB8-8B4A-11D0-8D11-00A0C91BC942}") = "BRDF_Sampler", "BRDF_Sampler\BRDF_Sampler.vcxproj", "{E30BD9C0-94C1-440F-A28B-57BA0A25867A}"
EndProject
Project("{8BC9CEB8-8B4A-11D0-8D11-00A0C91BC942}") = "010_RealTimePolygonalLightShadingWithLinearlyTransformedCosines", "010_RealTimePolygonalLightShadingWithLinearlyTransformedCosines\010_RealTimePolygonalLightShadingWithLinearlyTransformedCosines.vcxproj", "{59B22601-76C5-4BBC-AC77-498748AAED4E}"
EndProject
Project("{8BC9CEB8-8B4A-11D0-8D11-00A0C91BC942}") = "FitLTCMatrix", "FitLTCMatrix\FitLTCMatrix.vcxproj", "{2A7A8A8C-5242-4378-B6F6-DE73FE036B18}"
EndProject
Project("{8BC9CEB8-8B4A-11D0-8D11-00A0C91BC942}") = "SH_NormalSampler", "SH_NormalSampler\SH_NormalSampler.vcxproj", "{F95F3E16-3992-47DD-8096-88C376C98CDF}"
EndProject
Project("{8BC9CEB8-8B4A-11D0-8D11-00A0C91BC942}") = "011_An Efficient Representation for Irradiance Environment Maps", "011_An Efficient Representation for Irradiance Environment Maps\011_An Efficient Representation for Irradiance Environment Maps.vcxproj", "{0AA7A63F-91F2-4ED5-8FD5-A3D4AC888823}"
EndProject
Project("{8BC9CEB8-8B4A-11D0-8D11-00A0C91BC942}") = "012_Real Time Concurrent Linked List Construction on the GPU", "012_Real Time Concurrent Linked List Construction on the GPU\012_Real Time Concurrent Linked List Construction on the GPU.vcxproj", "{65E19240-C38C-4429-BCCF-51C75C880E19}"
EndProject
Project("{8BC9CEB8-8B4A-11D0-8D11-00A0C91BC942}") = "013_Fourier Opacity Optimization for Scalable Exploration", "013_Fourier Opacity Optimization for Scalable Exploration\013_Fourier Opacity Optimization for Scalable Exploration.vcxproj", "{1A30E0BC-F2FE-4009-BEC0-425ABC231E30}"
EndProject
Project("{8BC9CEB8-8B4A-11D0-8D11-00A0C91BC942}") = "014_Approximating Dynamic Global Illumination in Image Space", "014_Approximating Dynamic Global Illumination in Image Space\014_Approximating Dynamic Global Illumination in Image Space.vcxproj", "{B0E41CEF-0C0A-4516-8EB7-3D50284283CC}"
EndProject
Project("{8BC9CEB8-8B4A-11D0-8D11-00A0C91BC942}") = "015_Image Space Horizon Based Ambient Occlusion", "015_Image Space Horizon Based Ambient Occlusion\015_Image Space Horizon Based Ambient Occlusion.vcxproj", "{D84D86CE-D3CA-4199-8F2E-E482EA5F10B6}"
EndProject
Project("{8BC9CEB8-8B4A-11D0-8D11-00A0C91BC942}") = "DepthToPositionAndNormal", "DepthToPositionAndNormal\DepthToPositionAndNormal.vcxproj", "{D0849283-50C8-430F-BF80-D9ADDA14EFA3}"
EndProject
Project("{8BC9CEB8-8B4A-11D0-8D11-00A0C91BC942}") = "016_Cascaded Light Propagation Volumes for Real-Time Indirect Illumination", "016_Cascaded Light Propagation Volumes for Real-Time Indirect Illumination\016_Cascaded Light Propagation Volumes for Real-Time Indirect Illumination.vcxproj", "{22C27244-14DE-45C4-BCC0-146F8ABDE9D2}"
EndProject
Global
	GlobalSection(SolutionConfigurationPlatforms) = preSolution
		Debug|x64 = Debug|x64
		Debug|x86 = Debug|x86
		Release|x64 = Release|x64
		Release|x86 = Release|x86
	EndGlobalSection
	GlobalSection(ProjectConfigurationPlatforms) = postSolution
		{17E19055-C565-4938-B82C-442B81F2353C}.Debug|x64.ActiveCfg = Debug|x64
		{17E19055-C565-4938-B82C-442B81F2353C}.Debug|x64.Build.0 = Debug|x64
		{17E19055-C565-4938-B82C-442B81F2353C}.Debug|x86.ActiveCfg = Debug|Win32
		{17E19055-C565-4938-B82C-442B81F2353C}.Debug|x86.Build.0 = Debug|Win32
		{17E19055-C565-4938-B82C-442B81F2353C}.Release|x64.ActiveCfg = Release|x64
		{17E19055-C565-4938-B82C-442B81F2353C}.Release|x64.Build.0 = Release|x64
		{17E19055-C565-4938-B82C-442B81F2353C}.Release|x86.ActiveCfg = Release|Win32
		{17E19055-C565-4938-B82C-442B81F2353C}.Release|x86.Build.0 = Release|Win32
		{5E259379-45A9-4BAC-8397-F532D950A9C6}.Debug|x64.ActiveCfg = Debug|x64
		{5E259379-45A9-4BAC-8397-F532D950A9C6}.Debug|x64.Build.0 = Debug|x64
		{5E259379-45A9-4BAC-8397-F532D950A9C6}.Debug|x86.ActiveCfg = Debug|Win32
		{5E259379-45A9-4BAC-8397-F532D950A9C6}.Debug|x86.Build.0 = Debug|Win32
		{5E259379-45A9-4BAC-8397-F532D950A9C6}.Release|x64.ActiveCfg = Release|x64
		{5E259379-45A9-4BAC-8397-F532D950A9C6}.Release|x64.Build.0 = Release|x64
		{5E259379-45A9-4BAC-8397-F532D950A9C6}.Release|x86.ActiveCfg = Release|Win32
		{5E259379-45A9-4BAC-8397-F532D950A9C6}.Release|x86.Build.0 = Release|Win32
		{A5653491-CD8D-42D1-9001-7098F42310EC}.Debug|x64.ActiveCfg = Debug|x64
		{A5653491-CD8D-42D1-9001-7098F42310EC}.Debug|x64.Build.0 = Debug|x64
		{A5653491-CD8D-42D1-9001-7098F42310EC}.Debug|x86.ActiveCfg = Debug|Win32
		{A5653491-CD8D-42D1-9001-7098F42310EC}.Debug|x86.Build.0 = Debug|Win32
		{A5653491-CD8D-42D1-9001-7098F42310EC}.Release|x64.ActiveCfg = Release|x64
		{A5653491-CD8D-42D1-9001-7098F42310EC}.Release|x64.Build.0 = Release|x64
		{A5653491-CD8D-42D1-9001-7098F42310EC}.Release|x86.ActiveCfg = Release|Win32
		{A5653491-CD8D-42D1-9001-7098F42310EC}.Release|x86.Build.0 = Release|Win32
		{7514D0DF-CA3F-45BF-99FD-006750211566}.Debug|x64.ActiveCfg = Debug|x64
		{7514D0DF-CA3F-45BF-99FD-006750211566}.Debug|x64.Build.0 = Debug|x64
		{7514D0DF-CA3F-45BF-99FD-006750211566}.Debug|x86.ActiveCfg = Debug|Win32
		{7514D0DF-CA3F-45BF-99FD-006750211566}.Debug|x86.Build.0 = Debug|Win32
		{7514D0DF-CA3F-45BF-99FD-006750211566}.Release|x64.ActiveCfg = Release|x64
		{7514D0DF-CA3F-45BF-99FD-006750211566}.Release|x64.Build.0 = Release|x64
		{7514D0DF-CA3F-45BF-99FD-006750211566}.Release|x86.ActiveCfg = Release|Win32
		{7514D0DF-CA3F-45BF-99FD-006750211566}.Release|x86.Build.0 = Release|Win32
		{61461882-CA24-4828-B64B-3F3DAA9D2603}.Debug|x64.ActiveCfg = Debug|x64
		{61461882-CA24-4828-B64B-3F3DAA9D2603}.Debug|x64.Build.0 = Debug|x64
		{61461882-CA24-4828-B64B-3F3DAA9D2603}.Debug|x86.ActiveCfg = Debug|Win32
		{61461882-CA24-4828-B64B-3F3DAA9D2603}.Debug|x86.Build.0 = Debug|Win32
		{61461882-CA24-4828-B64B-3F3DAA9D2603}.Release|x64.ActiveCfg = Release|x64
		{61461882-CA24-4828-B64B-3F3DAA9D2603}.Release|x64.Build.0 = Release|x64
		{61461882-CA24-4828-B64B-3F3DAA9D2603}.Release|x86.ActiveCfg = Release|Win32
		{61461882-CA24-4828-B64B-3F3DAA9D2603}.Release|x86.Build.0 = Release|Win32
		{0FA91BD3-6F31-4069-AB5E-61A3AF0C3302}.Debug|x64.ActiveCfg = Debug|x64
		{0FA91BD3-6F31-4069-AB5E-61A3AF0C3302}.Debug|x64.Build.0 = Debug|x64
		{0FA91BD3-6F31-4069-AB5E-61A3AF0C3302}.Debug|x86.ActiveCfg = Debug|Win32
		{0FA91BD3-6F31-4069-AB5E-61A3AF0C3302}.Debug|x86.Build.0 = Debug|Win32
		{0FA91BD3-6F31-4069-AB5E-61A3AF0C3302}.Release|x64.ActiveCfg = Release|x64
		{0FA91BD3-6F31-4069-AB5E-61A3AF0C3302}.Release|x64.Build.0 = Release|x64
		{0FA91BD3-6F31-4069-AB5E-61A3AF0C3302}.Release|x86.ActiveCfg = Release|Win32
		{0FA91BD3-6F31-4069-AB5E-61A3AF0C3302}.Release|x86.Build.0 = Release|Win32
		{03D49C9A-2DFF-4584-AF48-80353C6270BA}.Debug|x64.ActiveCfg = Debug|x64
		{03D49C9A-2DFF-4584-AF48-80353C6270BA}.Debug|x64.Build.0 = Debug|x64
		{03D49C9A-2DFF-4584-AF48-80353C6270BA}.Debug|x86.ActiveCfg = Debug|Win32
		{03D49C9A-2DFF-4584-AF48-80353C6270BA}.Debug|x86.Build.0 = Debug|Win32
		{03D49C9A-2DFF-4584-AF48-80353C6270BA}.Release|x64.ActiveCfg = Release|x64
		{03D49C9A-2DFF-4584-AF48-80353C6270BA}.Release|x64.Build.0 = Release|x64
		{03D49C9A-2DFF-4584-AF48-80353C6270BA}.Release|x86.ActiveCfg = Release|Win32
		{03D49C9A-2DFF-4584-AF48-80353C6270BA}.Release|x86.Build.0 = Release|Win32
		{F283DCE3-4303-4034-AD18-00E946B4C0F2}.Debug|x64.ActiveCfg = Debug|x64
		{F283DCE3-4303-4034-AD18-00E946B4C0F2}.Debug|x64.Build.0 = Debug|x64
		{F283DCE3-4303-4034-AD18-00E946B4C0F2}.Debug|x86.ActiveCfg = Debug|Win32
		{F283DCE3-4303-4034-AD18-00E946B4C0F2}.Debug|x86.Build.0 = Debug|Win32
		{F283DCE3-4303-4034-AD18-00E946B4C0F2}.Release|x64.ActiveCfg = Release|x64
		{F283DCE3-4303-4034-AD18-00E946B4C0F2}.Release|x64.Build.0 = Release|x64
		{F283DCE3-4303-4034-AD18-00E946B4C0F2}.Release|x86.ActiveCfg = Release|Win32
		{F283DCE3-4303-4034-AD18-00E946B4C0F2}.Release|x86.Build.0 = Release|Win32
		{52E790D6-4B60-46FD-B7D7-BA4A52BB39E6}.Debug|x64.ActiveCfg = Debug|x64
		{52E790D6-4B60-46FD-B7D7-BA4A52BB39E6}.Debug|x64.Build.0 = Debug|x64
		{52E790D6-4B60-46FD-B7D7-BA4A52BB39E6}.Debug|x86.ActiveCfg = Debug|Win32
		{52E790D6-4B60-46FD-B7D7-BA4A52BB39E6}.Debug|x86.Build.0 = Debug|Win32
		{52E790D6-4B60-46FD-B7D7-BA4A52BB39E6}.Release|x64.ActiveCfg = Release|x64
		{52E790D6-4B60-46FD-B7D7-BA4A52BB39E6}.Release|x64.Build.0 = Release|x64
		{52E790D6-4B60-46FD-B7D7-BA4A52BB39E6}.Release|x86.ActiveCfg = Release|Win32
		{52E790D6-4B60-46FD-B7D7-BA4A52BB39E6}.Release|x86.Build.0 = Release|Win32
		{588E6F12-61ED-42A9-891D-6B12D3DD93AA}.Debug|x64.ActiveCfg = Debug|x64
		{588E6F12-61ED-42A9-891D-6B12D3DD93AA}.Debug|x64.Build.0 = Debug|x64
		{588E6F12-61ED-42A9-891D-6B12D3DD93AA}.Debug|x86.ActiveCfg = Debug|Win32
		{588E6F12-61ED-42A9-891D-6B12D3DD93AA}.Debug|x86.Build.0 = Debug|Win32
		{588E6F12-61ED-42A9-891D-6B12D3DD93AA}.Release|x64.ActiveCfg = Release|x64
		{588E6F12-61ED-42A9-891D-6B12D3DD93AA}.Release|x64.Build.0 = Release|x64
		{588E6F12-61ED-42A9-891D-6B12D3DD93AA}.Release|x86.ActiveCfg = Release|Win32
		{588E6F12-61ED-42A9-891D-6B12D3DD93AA}.Release|x86.Build.0 = Release|Win32
		{41DA8CC3-24CF-4E6A-8CAE-A5AD1452D9FD}.Debug|x64.ActiveCfg = Debug|x64
		{41DA8CC3-24CF-4E6A-8CAE-A5AD1452D9FD}.Debug|x64.Build.0 = Debug|x64
		{41DA8CC3-24CF-4E6A-8CAE-A5AD1452D9FD}.Debug|x86.ActiveCfg = Debug|Win32
		{41DA8CC3-24CF-4E6A-8CAE-A5AD1452D9FD}.Debug|x86.Build.0 = Debug|Win32
		{41DA8CC3-24CF-4E6A-8CAE-A5AD1452D9FD}.Release|x64.ActiveCfg = Release|x64
		{41DA8CC3-24CF-4E6A-8CAE-A5AD1452D9FD}.Release|x64.Build.0 = Release|x64
		{41DA8CC3-24CF-4E6A-8CAE-A5AD1452D9FD}.Release|x86.ActiveCfg = Release|Win32
		{41DA8CC3-24CF-4E6A-8CAE-A5AD1452D9FD}.Release|x86.Build.0 = Release|Win32
		{E30BD9C0-94C1-440F-A28B-57BA0A25867A}.Debug|x64.ActiveCfg = Debug|x64
		{E30BD9C0-94C1-440F-A28B-57BA0A25867A}.Debug|x64.Build.0 = Debug|x64
		{E30BD9C0-94C1-440F-A28B-57BA0A25867A}.Debug|x86.ActiveCfg = Debug|Win32
		{E30BD9C0-94C1-440F-A28B-57BA0A25867A}.Debug|x86.Build.0 = Debug|Win32
		{E30BD9C0-94C1-440F-A28B-57BA0A25867A}.Release|x64.ActiveCfg = Release|x64
		{E30BD9C0-94C1-440F-A28B-57BA0A25867A}.Release|x64.Build.0 = Release|x64
		{E30BD9C0-94C1-440F-A28B-57BA0A25867A}.Release|x86.ActiveCfg = Release|Win32
		{E30BD9C0-94C1-440F-A28B-57BA0A25867A}.Release|x86.Build.0 = Release|Win32
		{59B22601-76C5-4BBC-AC77-498748AAED4E}.Debug|x64.ActiveCfg = Debug|x64
		{59B22601-76C5-4BBC-AC77-498748AAED4E}.Debug|x64.Build.0 = Debug|x64
		{59B22601-76C5-4BBC-AC77-498748AAED4E}.Debug|x86.ActiveCfg = Debug|Win32
		{59B22601-76C5-4BBC-AC77-498748AAED4E}.Debug|x86.Build.0 = Debug|Win32
		{59B22601-76C5-4BBC-AC77-498748AAED4E}.Release|x64.ActiveCfg = Release|x64
		{59B22601-76C5-4BBC-AC77-498748AAED4E}.Release|x64.Build.0 = Release|x64
		{59B22601-76C5-4BBC-AC77-498748AAED4E}.Release|x86.ActiveCfg = Release|Win32
		{59B22601-76C5-4BBC-AC77-498748AAED4E}.Release|x86.Build.0 = Release|Win32
		{2A7A8A8C-5242-4378-B6F6-DE73FE036B18}.Debug|x64.ActiveCfg = Debug|x64
		{2A7A8A8C-5242-4378-B6F6-DE73FE036B18}.Debug|x64.Build.0 = Debug|x64
		{2A7A8A8C-5242-4378-B6F6-DE73FE036B18}.Debug|x86.ActiveCfg = Debug|Win32
		{2A7A8A8C-5242-4378-B6F6-DE73FE036B18}.Debug|x86.Build.0 = Debug|Win32
		{2A7A8A8C-5242-4378-B6F6-DE73FE036B18}.Release|x64.ActiveCfg = Release|x64
		{2A7A8A8C-5242-4378-B6F6-DE73FE036B18}.Release|x64.Build.0 = Release|x64
		{2A7A8A8C-5242-4378-B6F6-DE73FE036B18}.Release|x86.ActiveCfg = Release|Win32
		{2A7A8A8C-5242-4378-B6F6-DE73FE036B18}.Release|x86.Build.0 = Release|Win32
		{F95F3E16-3992-47DD-8096-88C376C98CDF}.Debug|x64.ActiveCfg = Debug|x64
		{F95F3E16-3992-47DD-8096-88C376C98CDF}.Debug|x64.Build.0 = Debug|x64
		{F95F3E16-3992-47DD-8096-88C376C98CDF}.Debug|x86.ActiveCfg = Debug|Win32
		{F95F3E16-3992-47DD-8096-88C376C98CDF}.Debug|x86.Build.0 = Debug|Win32
		{F95F3E16-3992-47DD-8096-88C376C98CDF}.Release|x64.ActiveCfg = Release|x64
		{F95F3E16-3992-47DD-8096-88C376C98CDF}.Release|x64.Build.0 = Release|x64
		{F95F3E16-3992-47DD-8096-88C376C98CDF}.Release|x86.ActiveCfg = Release|Win32
		{F95F3E16-3992-47DD-8096-88C376C98CDF}.Release|x86.Build.0 = Release|Win32
		{0AA7A63F-91F2-4ED5-8FD5-A3D4AC888823}.Debug|x64.ActiveCfg = Debug|x64
		{0AA7A63F-91F2-4ED5-8FD5-A3D4AC888823}.Debug|x64.Build.0 = Debug|x64
		{0AA7A63F-91F2-4ED5-8FD5-A3D4AC888823}.Debug|x86.ActiveCfg = Debug|Win32
		{0AA7A63F-91F2-4ED5-8FD5-A3D4AC888823}.Debug|x86.Build.0 = Debug|Win32
		{0AA7A63F-91F2-4ED5-8FD5-A3D4AC888823}.Release|x64.ActiveCfg = Release|x64
		{0AA7A63F-91F2-4ED5-8FD5-A3D4AC888823}.Release|x64.Build.0 = Release|x64
		{0AA7A63F-91F2-4ED5-8FD5-A3D4AC888823}.Release|x86.ActiveCfg = Release|Win32
		{0AA7A63F-91F2-4ED5-8FD5-A3D4AC888823}.Release|x86.Build.0 = Release|Win32
		{65E19240-C38C-4429-BCCF-51C75C880E19}.Debug|x64.ActiveCfg = Debug|x64
		{65E19240-C38C-4429-BCCF-51C75C880E19}.Debug|x64.Build.0 = Debug|x64
		{65E19240-C38C-4429-BCCF-51C75C880E19}.Debug|x86.ActiveCfg = Debug|Win32
		{65E19240-C38C-4429-BCCF-51C75C880E19}.Debug|x86.Build.0 = Debug|Win32
		{65E19240-C38C-4429-BCCF-51C75C880E19}.Release|x64.ActiveCfg = Release|x64
		{65E19240-C38C-4429-BCCF-51C75C880E19}.Release|x64.Build.0 = Release|x64
		{65E19240-C38C-4429-BCCF-51C75C880E19}.Release|x86.ActiveCfg = Release|Win32
		{65E19240-C38C-4429-BCCF-51C75C880E19}.Release|x86.Build.0 = Release|Win32
		{1A30E0BC-F2FE-4009-BEC0-425ABC231E30}.Debug|x64.ActiveCfg = Debug|x64
		{1A30E0BC-F2FE-4009-BEC0-425ABC231E30}.Debug|x64.Build.0 = Debug|x64
		{1A30E0BC-F2FE-4009-BEC0-425ABC231E30}.Debug|x86.ActiveCfg = Debug|Win32
		{1A30E0BC-F2FE-4009-BEC0-425ABC231E30}.Debug|x86.Build.0 = Debug|Win32
		{1A30E0BC-F2FE-4009-BEC0-425ABC231E30}.Release|x64.ActiveCfg = Release|x64
		{1A30E0BC-F2FE-4009-BEC0-425ABC231E30}.Release|x64.Build.0 = Release|x64
		{1A30E0BC-F2FE-4009-BEC0-425ABC231E30}.Release|x86.ActiveCfg = Release|Win32
		{1A30E0BC-F2FE-4009-BEC0-425ABC231E30}.Release|x86.Build.0 = Release|Win32
		{B0E41CEF-0C0A-4516-8EB7-3D50284283CC}.Debug|x64.ActiveCfg = Debug|x64
		{B0E41CEF-0C0A-4516-8EB7-3D50284283CC}.Debug|x64.Build.0 = Debug|x64
		{B0E41CEF-0C0A-4516-8EB7-3D50284283CC}.Debug|x86.ActiveCfg = Debug|Win32
		{B0E41CEF-0C0A-4516-8EB7-3D50284283CC}.Debug|x86.Build.0 = Debug|Win32
		{B0E41CEF-0C0A-4516-8EB7-3D50284283CC}.Release|x64.ActiveCfg = Release|x64
		{B0E41CEF-0C0A-4516-8EB7-3D50284283CC}.Release|x64.Build.0 = Release|x64
		{B0E41CEF-0C0A-4516-8EB7-3D50284283CC}.Release|x86.ActiveCfg = Release|Win32
		{B0E41CEF-0C0A-4516-8EB7-3D50284283CC}.Release|x86.Build.0 = Release|Win32
		{D84D86CE-D3CA-4199-8F2E-E482EA5F10B6}.Debug|x64.ActiveCfg = Debug|x64
		{D84D86CE-D3CA-4199-8F2E-E482EA5F10B6}.Debug|x64.Build.0 = Debug|x64
		{D84D86CE-D3CA-4199-8F2E-E482EA5F10B6}.Debug|x86.ActiveCfg = Debug|Win32
		{D84D86CE-D3CA-4199-8F2E-E482EA5F10B6}.Debug|x86.Build.0 = Debug|Win32
		{D84D86CE-D3CA-4199-8F2E-E482EA5F10B6}.Release|x64.ActiveCfg = Release|x64
		{D84D86CE-D3CA-4199-8F2E-E482EA5F10B6}.Release|x64.Build.0 = Release|x64
		{D84D86CE-D3CA-4199-8F2E-E482EA5F10B6}.Release|x86.ActiveCfg = Release|Win32
		{D84D86CE-D3CA-4199-8F2E-E482EA5F10B6}.Release|x86.Build.0 = Release|Win32
		{D0849283-50C8-430F-BF80-D9ADDA14EFA3}.Debug|x64.ActiveCfg = Debug|x64
		{D0849283-50C8-430F-BF80-D9ADDA14EFA3}.Debug|x64.Build.0 = Debug|x64
		{D0849283-50C8-430F-BF80-D9ADDA14EFA3}.Debug|x86.ActiveCfg = Debug|Win32
		{D0849283-50C8-430F-BF80-D9ADDA14EFA3}.Debug|x86.Build.0 = Debug|Win32
		{D0849283-50C8-430F-BF80-D9ADDA14EFA3}.Release|x64.ActiveCfg = Release|x64
		{D0849283-50C8-430F-BF80-D9ADDA14EFA3}.Release|x64.Build.0 = Release|x64
		{D0849283-50C8-430F-BF80-D9ADDA14EFA3}.Release|x86.ActiveCfg = Release|Win32
		{D0849283-50C8-430F-BF80-D9ADDA14EFA3}.Release|x86.Build.0 = Release|Win32
		{22C27244-14DE-45C4-BCC0-146F8ABDE9D2}.Debug|x64.ActiveCfg = Debug|x64
		{22C27244-14DE-45C4-BCC0-146F8ABDE9D2}.Debug|x64.Build.0 = Debug|x64
		{22C27244-14DE-45C4-BCC0-146F8ABDE9D2}.Debug|x86.ActiveCfg = Debug|Win32
		{22C27244-14DE-45C4-BCC0-146F8ABDE9D2}.Debug|x86.Build.0 = Debug|Win32
		{22C27244-14DE-45C4-BCC0-146F8ABDE9D2}.Release|x64.ActiveCfg = Release|x64
		{22C27244-14DE-45C4-BCC0-146F8ABDE9D2}.Release|x64.Build.0 = Release|x64
		{22C27244-14DE-45C4-BCC0-146F8ABDE9D2}.Release|x86.ActiveCfg = Release|Win32
		{22C27244-14DE-45C4-BCC0-146F8ABDE9D2}.Release|x86.Build.0 = Release|Win32
	EndGlobalSection
	GlobalSection(SolutionProperties) = preSolution
		HideSolutionNode = FALSE
	EndGlobalSection
	GlobalSection(NestedProjects) = preSolution
		{41DA8CC3-24CF-4E6A-8CAE-A5AD1452D9FD} = {A03BAF1F-EE48-42BE-83FC-A0DBBD02FCEE}
		{E30BD9C0-94C1-440F-A28B-57BA0A25867A} = {A03BAF1F-EE48-42BE-83FC-A0DBBD02FCEE}
		{2A7A8A8C-5242-4378-B6F6-DE73FE036B18} = {A03BAF1F-EE48-42BE-83FC-A0DBBD02FCEE}
		{F95F3E16-3992-47DD-8096-88C376C98CDF} = {A03BAF1F-EE48-42BE-83FC-A0DBBD02FCEE}
		{D0849283-50C8-430F-BF80-D9ADDA14EFA3} = {A03BAF1F-EE48-42BE-83FC-A0DBBD02FCEE}
	EndGlobalSection
	GlobalSection(ExtensibilityGlobals) = postSolution
		SolutionGuid = {4D515167-7B8B-4B7D-BF16-31B78D444E75}
	EndGlobalSection
EndGlobal
