
Microsoft Visual Studio Solution File, Format Version 12.00
# Visual Studio 15
Project("{8BC9CEB8-8B4A-11D0-8D11-00A0C91BC942}") = "001_Reflective shadow map", "001_Reflective shadow map\001_Reflective shadow map.vcxproj", "{42CAEA67-AE8C-1EF2-F73C-AD7E633EF7CF}"
EndProject
Project("{8BC9CEB8-8B4A-11D0-8D11-00A0C91BC942}") = "002_Non-interleaved Deferred Shading of Interleaved Sample", "002_Non-interleaved Deferred Shading of Interleaved Sample\002_Non-interleaved Deferred Shading of Interleaved Sample.vcxproj", "{6A05605C-56C5-F000-BFE2-D80BABC10313}"
EndProject
Project("{8BC9CEB8-8B4A-11D0-8D11-00A0C91BC942}") = "003_Stochastic Light Culling", "003_Stochastic Light Culling\003_Stochastic Light Culling.vcxproj", "{32C9C93B-1E84-B9E7-C73B-3232B3D50378}"
EndProject
Project("{8BC9CEB8-8B4A-11D0-8D11-00A0C91BC942}") = "004_Metalights Improved Interleaved Shading", "004_Metalights Improved Interleaved Shading\004_Metalights Improved Interleaved Shading.vcxproj", "{2108CBC9-8D6D-5E50-1646-002982AA53BF}"
EndProject
Project("{8BC9CEB8-8B4A-11D0-8D11-00A0C91BC942}") = "005_Interactive Order Independent Transparency", "005_Interactive Order Independent Transparency\005_Interactive Order Independent Transparency.vcxproj", "{9BC54B83-8743-9C1C-703B-5AB45C58DE44}"
EndProject
Project("{8BC9CEB8-8B4A-11D0-8D11-00A0C91BC942}") = "006_Wang Tiles for Image and Texture Generation", "006_Wang Tiles for Image and Texture Generation\006_Wang Tiles for Image and Texture Generation.vcxproj", "{8217EDE1-EE52-4DA5-F747-CA346302D2D5}"
EndProject
Project("{8BC9CEB8-8B4A-11D0-8D11-00A0C91BC942}") = "007_Tile Shading", "007_Tile Shading\007_Tile Shading.vcxproj", "{C79CAFB7-B395-CE09-DCC7-B38EC81FAE15}"
EndProject
Project("{8BC9CEB8-8B4A-11D0-8D11-00A0C91BC942}") = "008_A Non-Photorealistic Lighting Model", "008_A Non-Photorealistic Lighting Model\008_A Non-Photorealistic Lighting Model.vcxproj", "{E601DD33-5291-9E1E-5B8D-7F36C79BD92A}"
EndProject
Project("{8BC9CEB8-8B4A-11D0-8D11-00A0C91BC942}") = "009_Spherical Harmonic Lighting The Gritty Details", "009_Spherical Harmonic Lighting The Gritty Details\009_Spherical Harmonic Lighting The Gritty Details.vcxproj", "{A94D8677-95E1-7B1F-FEA5-D5D3EA58B611}"
EndProject
Project("{8BC9CEB8-8B4A-11D0-8D11-00A0C91BC942}") = "010_RealTimePolygonalLightShadingWithLinearlyTransformedCosines", "010_RealTimePolygonalLightShadingWithLinearlyTransformedCosines\010_RealTimePolygonalLightShadingWithLinearlyTransformedCosines.vcxproj", "{684EA440-D4E1-05EF-DDC8-75A549DB9CB6}"
EndProject
Project("{8BC9CEB8-8B4A-11D0-8D11-00A0C91BC942}") = "011_An Efficient Representation for Irradiance Environment Maps", "011_An Efficient Representation for Irradiance Environment Maps\011_An Efficient Representation for Irradiance Environment Maps.vcxproj", "{24BE923B-9051-F4E9-9938-64A0054B8BB1}"
EndProject
Project("{8BC9CEB8-8B4A-11D0-8D11-00A0C91BC942}") = "012_Real Time Concurrent Linked List Construction on the GPU", "012_Real Time Concurrent Linked List Construction on the GPU\012_Real Time Concurrent Linked List Construction on the GPU.vcxproj", "{55F247D5-415D-08E1-EA78-6D46D6C2CBC3}"
EndProject
Project("{8BC9CEB8-8B4A-11D0-8D11-00A0C91BC942}") = "013_Fourier Opacity Optimization for Scalable Exploration", "013_Fourier Opacity Optimization for Scalable Exploration\013_Fourier Opacity Optimization for Scalable Exploration.vcxproj", "{C7A8F28B-331B-35A8-7CAF-6A2CE860FFA0}"
EndProject
Project("{8BC9CEB8-8B4A-11D0-8D11-00A0C91BC942}") = "014_Approximating Dynamic Global Illumination in Image Space", "014_Approximating Dynamic Global Illumination in Image Space\014_Approximating Dynamic Global Illumination in Image Space.vcxproj", "{ED343098-D99F-F0A3-82BB-55096E05B486}"
EndProject
Project("{8BC9CEB8-8B4A-11D0-8D11-00A0C91BC942}") = "015_Image Space Horizon Based Ambient Occlusion", "015_Image Space Horizon Based Ambient Occlusion\015_Image Space Horizon Based Ambient Occlusion.vcxproj", "{A0523C69-0C8E-9C2C-1583-19BC813D215D}"
EndProject
Project("{8BC9CEB8-8B4A-11D0-8D11-00A0C91BC942}") = "016_Cascaded Light Propagation Volumes for Real-Time Indirect Illumination", "016_Cascaded Light Propagation Volumes for Real-Time Indirect Illumination\016_Cascaded Light Propagation Volumes for Real-Time Indirect Illumination.vcxproj", "{F8B5E982-E4CD-F437-4D9D-D4FC39D4D76A}"
EndProject
Project("{8BC9CEB8-8B4A-11D0-8D11-00A0C91BC942}") = "017_Forward Light Cuts A Scalable Approach to RealTime Global Illumination", "017_Forward Light Cuts A Scalable Approach to RealTime Global Illumination\017_Forward Light Cuts A Scalable Approach to RealTime Global Illumination.vcxproj", "{6A22DFF7-563A-EAAC-BF09-CA71AB40CDDF}"
EndProject
Project("{8BC9CEB8-8B4A-11D0-8D11-00A0C91BC942}") = "018_Cascaded Shadow Maps", "018_Cascaded Shadow Maps\018_Cascaded Shadow Maps.vcxproj", "{3C82B280-28A7-0101-51F2-E6903D76001F}"
EndProject
Project("{8BC9CEB8-8B4A-11D0-8D11-00A0C91BC942}") = "019_A Survey of Efficient Representations  for Independent Unit Vectors", "019_A Survey of Efficient Representations  for Independent Unit Vectors\019_A Survey of Efficient Representations  for Independent Unit Vectors.vcxproj", "{F093CF91-5CD3-93AA-65B3-5AC2D171F3EE}"
EndProject
Project("{8BC9CEB8-8B4A-11D0-8D11-00A0C91BC942}") = "020_Real-time Approximation to Large Convolution Kernel", "020_Real-time Approximation to Large Convolution Kernel\020_Real-time Approximation to Large Convolution Kernel.vcxproj", "{F0D605E9-5CBE-F0DE-65AC-F25AD11294A1}"
EndProject
Project("{8BC9CEB8-8B4A-11D0-8D11-00A0C91BC942}") = "021_Real-time indirect illumination by virtual planar area lights", "021_Real-time indirect illumination by virtual planar area lights\021_Real-time indirect illumination by virtual planar area lights.vcxproj", "{C2599604-2E78-AAD1-7745-B0E3E3A2E5DA}"
EndProject
Project("{8BC9CEB8-8B4A-11D0-8D11-00A0C91BC942}") = "022_Variance Shadow Maps", "022_Variance Shadow Maps\022_Variance Shadow Maps.vcxproj", "{18DC747C-0401-C4FC-2D4C-A98C19D0C21A}"
EndProject
Project("{8BC9CEB8-8B4A-11D0-8D11-00A0C91BC942}") = "023_Efficient GPU Screen-Space Ray Tracing", "023_Efficient GPU Screen-Space Ray Tracing\023_Efficient GPU Screen-Space Ray Tracing.vcxproj", "{5F2A9E82-4B92-6450-B4FD-7866A0847B3C}"
EndProject
Project("{8BC9CEB8-8B4A-11D0-8D11-00A0C91BC942}") = "024_Real-Time Global Illumination using Precomputed Light Field Probes", "024_Real-Time Global Illumination using Precomputed Light Field Probes\024_Real-Time Global Illumination using Precomputed Light Field Probes.vcxproj", "{D52B9EEC-C12D-E2FC-AAB0-D8F59651DDA1}"
EndProject
Project("{8BC9CEB8-8B4A-11D0-8D11-00A0C91BC942}") = "025_Exponential Shadow Maps", "025_Exponential Shadow Maps\025_Exponential Shadow Maps.vcxproj", "{592932AB-C536-6091-4E1D-5C7CBA292C48}"
EndProject
Project("{8BC9CEB8-8B4A-11D0-8D11-00A0C91BC942}") = "026_Moment Shadow Mapping", "026_Moment Shadow Mapping\026_Moment Shadow Mapping.vcxproj", "{1E063D01-8AC8-708B-D378-FF173F7A4969}"
EndProject
Project("{8BC9CEB8-8B4A-11D0-8D11-00A0C91BC942}") = "027_FidelityFX Super Resolution", "027_FidelityFX Super Resolution\027_FidelityFX Super Resolution.vcxproj", "{F81FA278-6403-B1B8-6D06-DFF4D9687709}"
EndProject
Project("{8BC9CEB8-8B4A-11D0-8D11-00A0C91BC942}") = "028_Mobile Friendly FSR", "028_Mobile Friendly FSR\028_Mobile Friendly FSR.vcxproj", "{1E001771-8A37-5F08-9341-C32BFFF78501}"
EndProject
Project("{8BC9CEB8-8B4A-11D0-8D11-00A0C91BC942}") = "BRDF_Sampler", "BRDF_Sampler\BRDF_Sampler.vcxproj", "{B622B027-A285-3FCC-4B0B-7882374D0B4F}"
EndProject
Project("{8BC9CEB8-8B4A-11D0-8D11-00A0C91BC942}") = "DepthToPositionAndNormal", "DepthToPositionAndNormal\DepthToPositionAndNormal.vcxproj", "{2E16BFBE-1A3B-0E3F-4386-F3CE2F0A0D5D}"
EndProject
Project("{8BC9CEB8-8B4A-11D0-8D11-00A0C91BC942}") = "FRAME", "Frame\FRAME.vcxproj", "{30C91F0D-9CDD-47BE-655F-EB1DD13244EF}"
EndProject
Project("{8BC9CEB8-8B4A-11D0-8D11-00A0C91BC942}") = "FitLTCMatrix", "FitLTCMatrix\FitLTCMatrix.vcxproj", "{80C4C13D-6C27-51E2-15AD-899801EF1C65}"
EndProject
Project("{8BC9CEB8-8B4A-11D0-8D11-00A0C91BC942}") = "SH_Sampler", "SH_Sampler\SH_Sampler.vcxproj", "{937EE2D3-7F36-2421-E83D-FD7CD414BF11}"
EndProject
Global
	GlobalSection(SolutionConfigurationPlatforms) = preSolution
		Debug|x64 = Debug|x64
		Release|x64 = Release|x64
	EndGlobalSection
	GlobalSection(ProjectConfigurationPlatforms) = postSolution
		{42CAEA67-AE8C-1EF2-F73C-AD7E633EF7CF}.Debug|x64.ActiveCfg = Debug|x64
		{42CAEA67-AE8C-1EF2-F73C-AD7E633EF7CF}.Debug|x64.Build.0 = Debug|x64
		{42CAEA67-AE8C-1EF2-F73C-AD7E633EF7CF}.Release|x64.ActiveCfg = Release|x64
		{42CAEA67-AE8C-1EF2-F73C-AD7E633EF7CF}.Release|x64.Build.0 = Release|x64
		{6A05605C-56C5-F000-BFE2-D80BABC10313}.Debug|x64.ActiveCfg = Debug|x64
		{6A05605C-56C5-F000-BFE2-D80BABC10313}.Debug|x64.Build.0 = Debug|x64
		{6A05605C-56C5-F000-BFE2-D80BABC10313}.Release|x64.ActiveCfg = Release|x64
		{6A05605C-56C5-F000-BFE2-D80BABC10313}.Release|x64.Build.0 = Release|x64
		{32C9C93B-1E84-B9E7-C73B-3232B3D50378}.Debug|x64.ActiveCfg = Debug|x64
		{32C9C93B-1E84-B9E7-C73B-3232B3D50378}.Debug|x64.Build.0 = Debug|x64
		{32C9C93B-1E84-B9E7-C73B-3232B3D50378}.Release|x64.ActiveCfg = Release|x64
		{32C9C93B-1E84-B9E7-C73B-3232B3D50378}.Release|x64.Build.0 = Release|x64
		{2108CBC9-8D6D-5E50-1646-002982AA53BF}.Debug|x64.ActiveCfg = Debug|x64
		{2108CBC9-8D6D-5E50-1646-002982AA53BF}.Debug|x64.Build.0 = Debug|x64
		{2108CBC9-8D6D-5E50-1646-002982AA53BF}.Release|x64.ActiveCfg = Release|x64
		{2108CBC9-8D6D-5E50-1646-002982AA53BF}.Release|x64.Build.0 = Release|x64
		{9BC54B83-8743-9C1C-703B-5AB45C58DE44}.Debug|x64.ActiveCfg = Debug|x64
		{9BC54B83-8743-9C1C-703B-5AB45C58DE44}.Debug|x64.Build.0 = Debug|x64
		{9BC54B83-8743-9C1C-703B-5AB45C58DE44}.Release|x64.ActiveCfg = Release|x64
		{9BC54B83-8743-9C1C-703B-5AB45C58DE44}.Release|x64.Build.0 = Release|x64
		{8217EDE1-EE52-4DA5-F747-CA346302D2D5}.Debug|x64.ActiveCfg = Debug|x64
		{8217EDE1-EE52-4DA5-F747-CA346302D2D5}.Debug|x64.Build.0 = Debug|x64
		{8217EDE1-EE52-4DA5-F747-CA346302D2D5}.Release|x64.ActiveCfg = Release|x64
		{8217EDE1-EE52-4DA5-F747-CA346302D2D5}.Release|x64.Build.0 = Release|x64
		{C79CAFB7-B395-CE09-DCC7-B38EC81FAE15}.Debug|x64.ActiveCfg = Debug|x64
		{C79CAFB7-B395-CE09-DCC7-B38EC81FAE15}.Debug|x64.Build.0 = Debug|x64
		{C79CAFB7-B395-CE09-DCC7-B38EC81FAE15}.Release|x64.ActiveCfg = Release|x64
		{C79CAFB7-B395-CE09-DCC7-B38EC81FAE15}.Release|x64.Build.0 = Release|x64
		{E601DD33-5291-9E1E-5B8D-7F36C79BD92A}.Debug|x64.ActiveCfg = Debug|x64
		{E601DD33-5291-9E1E-5B8D-7F36C79BD92A}.Debug|x64.Build.0 = Debug|x64
		{E601DD33-5291-9E1E-5B8D-7F36C79BD92A}.Release|x64.ActiveCfg = Release|x64
		{E601DD33-5291-9E1E-5B8D-7F36C79BD92A}.Release|x64.Build.0 = Release|x64
		{A94D8677-95E1-7B1F-FEA5-D5D3EA58B611}.Debug|x64.ActiveCfg = Debug|x64
		{A94D8677-95E1-7B1F-FEA5-D5D3EA58B611}.Debug|x64.Build.0 = Debug|x64
		{A94D8677-95E1-7B1F-FEA5-D5D3EA58B611}.Release|x64.ActiveCfg = Release|x64
		{A94D8677-95E1-7B1F-FEA5-D5D3EA58B611}.Release|x64.Build.0 = Release|x64
		{684EA440-D4E1-05EF-DDC8-75A549DB9CB6}.Debug|x64.ActiveCfg = Debug|x64
		{684EA440-D4E1-05EF-DDC8-75A549DB9CB6}.Debug|x64.Build.0 = Debug|x64
		{684EA440-D4E1-05EF-DDC8-75A549DB9CB6}.Release|x64.ActiveCfg = Release|x64
		{684EA440-D4E1-05EF-DDC8-75A549DB9CB6}.Release|x64.Build.0 = Release|x64
		{24BE923B-9051-F4E9-9938-64A0054B8BB1}.Debug|x64.ActiveCfg = Debug|x64
		{24BE923B-9051-F4E9-9938-64A0054B8BB1}.Debug|x64.Build.0 = Debug|x64
		{24BE923B-9051-F4E9-9938-64A0054B8BB1}.Release|x64.ActiveCfg = Release|x64
		{24BE923B-9051-F4E9-9938-64A0054B8BB1}.Release|x64.Build.0 = Release|x64
		{55F247D5-415D-08E1-EA78-6D46D6C2CBC3}.Debug|x64.ActiveCfg = Debug|x64
		{55F247D5-415D-08E1-EA78-6D46D6C2CBC3}.Debug|x64.Build.0 = Debug|x64
		{55F247D5-415D-08E1-EA78-6D46D6C2CBC3}.Release|x64.ActiveCfg = Release|x64
		{55F247D5-415D-08E1-EA78-6D46D6C2CBC3}.Release|x64.Build.0 = Release|x64
		{C7A8F28B-331B-35A8-7CAF-6A2CE860FFA0}.Debug|x64.ActiveCfg = Debug|x64
		{C7A8F28B-331B-35A8-7CAF-6A2CE860FFA0}.Debug|x64.Build.0 = Debug|x64
		{C7A8F28B-331B-35A8-7CAF-6A2CE860FFA0}.Release|x64.ActiveCfg = Release|x64
		{C7A8F28B-331B-35A8-7CAF-6A2CE860FFA0}.Release|x64.Build.0 = Release|x64
		{ED343098-D99F-F0A3-82BB-55096E05B486}.Debug|x64.ActiveCfg = Debug|x64
		{ED343098-D99F-F0A3-82BB-55096E05B486}.Debug|x64.Build.0 = Debug|x64
		{ED343098-D99F-F0A3-82BB-55096E05B486}.Release|x64.ActiveCfg = Release|x64
		{ED343098-D99F-F0A3-82BB-55096E05B486}.Release|x64.Build.0 = Release|x64
		{A0523C69-0C8E-9C2C-1583-19BC813D215D}.Debug|x64.ActiveCfg = Debug|x64
		{A0523C69-0C8E-9C2C-1583-19BC813D215D}.Debug|x64.Build.0 = Debug|x64
		{A0523C69-0C8E-9C2C-1583-19BC813D215D}.Release|x64.ActiveCfg = Release|x64
		{A0523C69-0C8E-9C2C-1583-19BC813D215D}.Release|x64.Build.0 = Release|x64
		{F8B5E982-E4CD-F437-4D9D-D4FC39D4D76A}.Debug|x64.ActiveCfg = Debug|x64
		{F8B5E982-E4CD-F437-4D9D-D4FC39D4D76A}.Debug|x64.Build.0 = Debug|x64
		{F8B5E982-E4CD-F437-4D9D-D4FC39D4D76A}.Release|x64.ActiveCfg = Release|x64
		{F8B5E982-E4CD-F437-4D9D-D4FC39D4D76A}.Release|x64.Build.0 = Release|x64
		{6A22DFF7-563A-EAAC-BF09-CA71AB40CDDF}.Debug|x64.ActiveCfg = Debug|x64
		{6A22DFF7-563A-EAAC-BF09-CA71AB40CDDF}.Debug|x64.Build.0 = Debug|x64
		{6A22DFF7-563A-EAAC-BF09-CA71AB40CDDF}.Release|x64.ActiveCfg = Release|x64
		{6A22DFF7-563A-EAAC-BF09-CA71AB40CDDF}.Release|x64.Build.0 = Release|x64
		{3C82B280-28A7-0101-51F2-E6903D76001F}.Debug|x64.ActiveCfg = Debug|x64
		{3C82B280-28A7-0101-51F2-E6903D76001F}.Debug|x64.Build.0 = Debug|x64
		{3C82B280-28A7-0101-51F2-E6903D76001F}.Release|x64.ActiveCfg = Release|x64
		{3C82B280-28A7-0101-51F2-E6903D76001F}.Release|x64.Build.0 = Release|x64
		{F093CF91-5CD3-93AA-65B3-5AC2D171F3EE}.Debug|x64.ActiveCfg = Debug|x64
		{F093CF91-5CD3-93AA-65B3-5AC2D171F3EE}.Debug|x64.Build.0 = Debug|x64
		{F093CF91-5CD3-93AA-65B3-5AC2D171F3EE}.Release|x64.ActiveCfg = Release|x64
		{F093CF91-5CD3-93AA-65B3-5AC2D171F3EE}.Release|x64.Build.0 = Release|x64
		{F0D605E9-5CBE-F0DE-65AC-F25AD11294A1}.Debug|x64.ActiveCfg = Debug|x64
		{F0D605E9-5CBE-F0DE-65AC-F25AD11294A1}.Debug|x64.Build.0 = Debug|x64
		{F0D605E9-5CBE-F0DE-65AC-F25AD11294A1}.Release|x64.ActiveCfg = Release|x64
		{F0D605E9-5CBE-F0DE-65AC-F25AD11294A1}.Release|x64.Build.0 = Release|x64
		{C2599604-2E78-AAD1-7745-B0E3E3A2E5DA}.Debug|x64.ActiveCfg = Debug|x64
		{C2599604-2E78-AAD1-7745-B0E3E3A2E5DA}.Debug|x64.Build.0 = Debug|x64
		{C2599604-2E78-AAD1-7745-B0E3E3A2E5DA}.Release|x64.ActiveCfg = Release|x64
		{C2599604-2E78-AAD1-7745-B0E3E3A2E5DA}.Release|x64.Build.0 = Release|x64
		{18DC747C-0401-C4FC-2D4C-A98C19D0C21A}.Debug|x64.ActiveCfg = Debug|x64
		{18DC747C-0401-C4FC-2D4C-A98C19D0C21A}.Debug|x64.Build.0 = Debug|x64
		{18DC747C-0401-C4FC-2D4C-A98C19D0C21A}.Release|x64.ActiveCfg = Release|x64
		{18DC747C-0401-C4FC-2D4C-A98C19D0C21A}.Release|x64.Build.0 = Release|x64
		{5F2A9E82-4B92-6450-B4FD-7866A0847B3C}.Debug|x64.ActiveCfg = Debug|x64
		{5F2A9E82-4B92-6450-B4FD-7866A0847B3C}.Debug|x64.Build.0 = Debug|x64
		{5F2A9E82-4B92-6450-B4FD-7866A0847B3C}.Release|x64.ActiveCfg = Release|x64
		{5F2A9E82-4B92-6450-B4FD-7866A0847B3C}.Release|x64.Build.0 = Release|x64
		{D52B9EEC-C12D-E2FC-AAB0-D8F59651DDA1}.Debug|x64.ActiveCfg = Debug|x64
		{D52B9EEC-C12D-E2FC-AAB0-D8F59651DDA1}.Debug|x64.Build.0 = Debug|x64
		{D52B9EEC-C12D-E2FC-AAB0-D8F59651DDA1}.Release|x64.ActiveCfg = Release|x64
		{D52B9EEC-C12D-E2FC-AAB0-D8F59651DDA1}.Release|x64.Build.0 = Release|x64
		{592932AB-C536-6091-4E1D-5C7CBA292C48}.Debug|x64.ActiveCfg = Debug|x64
		{592932AB-C536-6091-4E1D-5C7CBA292C48}.Debug|x64.Build.0 = Debug|x64
		{592932AB-C536-6091-4E1D-5C7CBA292C48}.Release|x64.ActiveCfg = Release|x64
		{592932AB-C536-6091-4E1D-5C7CBA292C48}.Release|x64.Build.0 = Release|x64
		{1E063D01-8AC8-708B-D378-FF173F7A4969}.Debug|x64.ActiveCfg = Debug|x64
		{1E063D01-8AC8-708B-D378-FF173F7A4969}.Debug|x64.Build.0 = Debug|x64
		{1E063D01-8AC8-708B-D378-FF173F7A4969}.Release|x64.ActiveCfg = Release|x64
		{1E063D01-8AC8-708B-D378-FF173F7A4969}.Release|x64.Build.0 = Release|x64
		{F81FA278-6403-B1B8-6D06-DFF4D9687709}.Debug|x64.ActiveCfg = Debug|x64
		{F81FA278-6403-B1B8-6D06-DFF4D9687709}.Debug|x64.Build.0 = Debug|x64
		{F81FA278-6403-B1B8-6D06-DFF4D9687709}.Release|x64.ActiveCfg = Release|x64
		{F81FA278-6403-B1B8-6D06-DFF4D9687709}.Release|x64.Build.0 = Release|x64
		{1E001771-8A37-5F08-9341-C32BFFF78501}.Debug|x64.ActiveCfg = Debug|x64
		{1E001771-8A37-5F08-9341-C32BFFF78501}.Debug|x64.Build.0 = Debug|x64
		{1E001771-8A37-5F08-9341-C32BFFF78501}.Release|x64.ActiveCfg = Release|x64
		{1E001771-8A37-5F08-9341-C32BFFF78501}.Release|x64.Build.0 = Release|x64
		{B622B027-A285-3FCC-4B0B-7882374D0B4F}.Debug|x64.ActiveCfg = Debug|x64
		{B622B027-A285-3FCC-4B0B-7882374D0B4F}.Debug|x64.Build.0 = Debug|x64
		{B622B027-A285-3FCC-4B0B-7882374D0B4F}.Release|x64.ActiveCfg = Release|x64
		{B622B027-A285-3FCC-4B0B-7882374D0B4F}.Release|x64.Build.0 = Release|x64
		{2E16BFBE-1A3B-0E3F-4386-F3CE2F0A0D5D}.Debug|x64.ActiveCfg = Debug|x64
		{2E16BFBE-1A3B-0E3F-4386-F3CE2F0A0D5D}.Debug|x64.Build.0 = Debug|x64
		{2E16BFBE-1A3B-0E3F-4386-F3CE2F0A0D5D}.Release|x64.ActiveCfg = Release|x64
		{2E16BFBE-1A3B-0E3F-4386-F3CE2F0A0D5D}.Release|x64.Build.0 = Release|x64
		{30C91F0D-9CDD-47BE-655F-EB1DD13244EF}.Debug|x64.ActiveCfg = Debug|x64
		{30C91F0D-9CDD-47BE-655F-EB1DD13244EF}.Debug|x64.Build.0 = Debug|x64
		{30C91F0D-9CDD-47BE-655F-EB1DD13244EF}.Release|x64.ActiveCfg = Release|x64
		{30C91F0D-9CDD-47BE-655F-EB1DD13244EF}.Release|x64.Build.0 = Release|x64
		{80C4C13D-6C27-51E2-15AD-899801EF1C65}.Debug|x64.ActiveCfg = Debug|x64
		{80C4C13D-6C27-51E2-15AD-899801EF1C65}.Debug|x64.Build.0 = Debug|x64
		{80C4C13D-6C27-51E2-15AD-899801EF1C65}.Release|x64.ActiveCfg = Release|x64
		{80C4C13D-6C27-51E2-15AD-899801EF1C65}.Release|x64.Build.0 = Release|x64
		{937EE2D3-7F36-2421-E83D-FD7CD414BF11}.Debug|x64.ActiveCfg = Debug|x64
		{937EE2D3-7F36-2421-E83D-FD7CD414BF11}.Debug|x64.Build.0 = Debug|x64
		{937EE2D3-7F36-2421-E83D-FD7CD414BF11}.Release|x64.ActiveCfg = Release|x64
		{937EE2D3-7F36-2421-E83D-FD7CD414BF11}.Release|x64.Build.0 = Release|x64
	EndGlobalSection
	GlobalSection(SolutionProperties) = preSolution
		HideSolutionNode = FALSE
	EndGlobalSection
EndGlobal
