
Microsoft Visual Studio Solution File, Format Version 12.00
# Visual Studio 15
VisualStudioVersion = 15.0.28307.852
MinimumVisualStudioVersion = 10.0.40219.1
Project("{8BC9CEB8-8B4A-11D0-8D11-00A0C91BC942}") = "FRAME", "FRAME\FRAME.vcxproj", "{17E19055-C565-4938-B82C-442B81F2353C}"
EndProject
Project("{8BC9CEB8-8B4A-11D0-8D11-00A0C91BC942}") = "TestCase_001_A(ReflectiveShadowMaps)", "TestCase_001_A\TestCase_001_A.vcxproj", "{C148EA27-39D2-41B6-832F-84771419B1D8}"
EndProject
Project("{8BC9CEB8-8B4A-11D0-8D11-00A0C91BC942}") = "TestCase_002_A(Interleaved Sample)", "TestCase_002_A\TestCase_002_A.vcxproj", "{07CB5EAA-0BF9-4936-8AEC-90F3A0873C76}"
EndProject
Project("{8BC9CEB8-8B4A-11D0-8D11-00A0C91BC942}") = "TestCase_003_A(Stochastic Light Culling)", "TestCase_003_A\TestCase_003_A.vcxproj", "{96F0457F-7605-4AA9-9809-B45E51099E63}"
EndProject
Project("{8BC9CEB8-8B4A-11D0-8D11-00A0C91BC942}") = "TestCase_004_A(ImprovedInterleavedShading)", "TestCase_004_A\TestCase_004_A.vcxproj", "{35BB0D11-169A-4659-9771-8E514EF4F40A}"
EndProject
Project("{8BC9CEB8-8B4A-11D0-8D11-00A0C91BC942}") = "TestCase_005_A(InteractiveOrderIndependentTransparency)", "TestCase_005_A\TestCase_005_A.vcxproj", "{E7EE1A91-C62F-48FC-AF47-83A4217F4C5A}"
EndProject
Project("{8BC9CEB8-8B4A-11D0-8D11-00A0C91BC942}") = "TestCase_006_A(Wang Tiles for Image and Texture Generation)", "TestCase_006_A\TestCase_006_A.vcxproj", "{31FD77D8-A49C-4D9A-B373-6E683007DC13}"
EndProject
Project("{8BC9CEB8-8B4A-11D0-8D11-00A0C91BC942}") = "001_Reflective shadow map", "001_Reflective shadow map\001_Reflective shadow map.vcxproj", "{5E259379-45A9-4BAC-8397-F532D950A9C6}"
EndProject
Project("{8BC9CEB8-8B4A-11D0-8D11-00A0C91BC942}") = "002_Non-interleaved Deferred Shading of Interleaved Sample", "002_Non-interleaved Deferred Shading of Interleaved Sample\002_Non-interleaved Deferred Shading of Interleaved Sample.vcxproj", "{A5653491-CD8D-42D1-9001-7098F42310EC}"
EndProject
Project("{8BC9CEB8-8B4A-11D0-8D11-00A0C91BC942}") = "003_Stochastic Light Culling", "003_Stochastic Light Culling\003_Stochastic Light Culling.vcxproj", "{7514D0DF-CA3F-45BF-99FD-006750211566}"
EndProject
Project("{8BC9CEB8-8B4A-11D0-8D11-00A0C91BC942}") = "004_Metalights Improved Interleaved Shading", "004_Metalights Improved Interleaved Shading\004_Metalights Improved Interleaved Shading.vcxproj", "{61461882-CA24-4828-B64B-3F3DAA9D2603}"
EndProject
Project("{8BC9CEB8-8B4A-11D0-8D11-00A0C91BC942}") = "005_Interactive Order Independent Transparency", "005_Interactive Order Independent Transparency\005_Interactive Order Independent Transparency.vcxproj", "{0FA91BD3-6F31-4069-AB5E-61A3AF0C3302}"
EndProject
Project("{8BC9CEB8-8B4A-11D0-8D11-00A0C91BC942}") = "006_Wang Tiles for Image and Texture Generation", "006_Wang Tiles for Image and Texture Generation\006_Wang Tiles for Image and Texture Generation.vcxproj", "{03D49C9A-2DFF-4584-AF48-80353C6270BA}"
EndProject
Global
	GlobalSection(SolutionConfigurationPlatforms) = preSolution
		Debug|x64 = Debug|x64
		Debug|x86 = Debug|x86
		Release|x64 = Release|x64
		Release|x86 = Release|x86
	EndGlobalSection
	GlobalSection(ProjectConfigurationPlatforms) = postSolution
		{17E19055-C565-4938-B82C-442B81F2353C}.Debug|x64.ActiveCfg = Debug|x64
		{17E19055-C565-4938-B82C-442B81F2353C}.Debug|x64.Build.0 = Debug|x64
		{17E19055-C565-4938-B82C-442B81F2353C}.Debug|x86.ActiveCfg = Debug|Win32
		{17E19055-C565-4938-B82C-442B81F2353C}.Debug|x86.Build.0 = Debug|Win32
		{17E19055-C565-4938-B82C-442B81F2353C}.Release|x64.ActiveCfg = Release|x64
		{17E19055-C565-4938-B82C-442B81F2353C}.Release|x64.Build.0 = Release|x64
		{17E19055-C565-4938-B82C-442B81F2353C}.Release|x86.ActiveCfg = Release|Win32
		{17E19055-C565-4938-B82C-442B81F2353C}.Release|x86.Build.0 = Release|Win32
		{C148EA27-39D2-41B6-832F-84771419B1D8}.Debug|x64.ActiveCfg = Debug|x64
		{C148EA27-39D2-41B6-832F-84771419B1D8}.Debug|x64.Build.0 = Debug|x64
		{C148EA27-39D2-41B6-832F-84771419B1D8}.Debug|x86.ActiveCfg = Debug|Win32
		{C148EA27-39D2-41B6-832F-84771419B1D8}.Debug|x86.Build.0 = Debug|Win32
		{C148EA27-39D2-41B6-832F-84771419B1D8}.Release|x64.ActiveCfg = Release|x64
		{C148EA27-39D2-41B6-832F-84771419B1D8}.Release|x64.Build.0 = Release|x64
		{C148EA27-39D2-41B6-832F-84771419B1D8}.Release|x86.ActiveCfg = Release|Win32
		{C148EA27-39D2-41B6-832F-84771419B1D8}.Release|x86.Build.0 = Release|Win32
		{07CB5EAA-0BF9-4936-8AEC-90F3A0873C76}.Debug|x64.ActiveCfg = Debug|x64
		{07CB5EAA-0BF9-4936-8AEC-90F3A0873C76}.Debug|x64.Build.0 = Debug|x64
		{07CB5EAA-0BF9-4936-8AEC-90F3A0873C76}.Debug|x86.ActiveCfg = Debug|Win32
		{07CB5EAA-0BF9-4936-8AEC-90F3A0873C76}.Debug|x86.Build.0 = Debug|Win32
		{07CB5EAA-0BF9-4936-8AEC-90F3A0873C76}.Release|x64.ActiveCfg = Release|x64
		{07CB5EAA-0BF9-4936-8AEC-90F3A0873C76}.Release|x64.Build.0 = Release|x64
		{07CB5EAA-0BF9-4936-8AEC-90F3A0873C76}.Release|x86.ActiveCfg = Release|Win32
		{07CB5EAA-0BF9-4936-8AEC-90F3A0873C76}.Release|x86.Build.0 = Release|Win32
		{96F0457F-7605-4AA9-9809-B45E51099E63}.Debug|x64.ActiveCfg = Debug|x64
		{96F0457F-7605-4AA9-9809-B45E51099E63}.Debug|x64.Build.0 = Debug|x64
		{96F0457F-7605-4AA9-9809-B45E51099E63}.Debug|x86.ActiveCfg = Debug|Win32
		{96F0457F-7605-4AA9-9809-B45E51099E63}.Debug|x86.Build.0 = Debug|Win32
		{96F0457F-7605-4AA9-9809-B45E51099E63}.Release|x64.ActiveCfg = Release|x64
		{96F0457F-7605-4AA9-9809-B45E51099E63}.Release|x64.Build.0 = Release|x64
		{96F0457F-7605-4AA9-9809-B45E51099E63}.Release|x86.ActiveCfg = Release|Win32
		{96F0457F-7605-4AA9-9809-B45E51099E63}.Release|x86.Build.0 = Release|Win32
		{35BB0D11-169A-4659-9771-8E514EF4F40A}.Debug|x64.ActiveCfg = Debug|x64
		{35BB0D11-169A-4659-9771-8E514EF4F40A}.Debug|x64.Build.0 = Debug|x64
		{35BB0D11-169A-4659-9771-8E514EF4F40A}.Debug|x86.ActiveCfg = Debug|Win32
		{35BB0D11-169A-4659-9771-8E514EF4F40A}.Debug|x86.Build.0 = Debug|Win32
		{35BB0D11-169A-4659-9771-8E514EF4F40A}.Release|x64.ActiveCfg = Release|x64
		{35BB0D11-169A-4659-9771-8E514EF4F40A}.Release|x64.Build.0 = Release|x64
		{35BB0D11-169A-4659-9771-8E514EF4F40A}.Release|x86.ActiveCfg = Release|Win32
		{35BB0D11-169A-4659-9771-8E514EF4F40A}.Release|x86.Build.0 = Release|Win32
		{E7EE1A91-C62F-48FC-AF47-83A4217F4C5A}.Debug|x64.ActiveCfg = Debug|x64
		{E7EE1A91-C62F-48FC-AF47-83A4217F4C5A}.Debug|x64.Build.0 = Debug|x64
		{E7EE1A91-C62F-48FC-AF47-83A4217F4C5A}.Debug|x86.ActiveCfg = Debug|Win32
		{E7EE1A91-C62F-48FC-AF47-83A4217F4C5A}.Debug|x86.Build.0 = Debug|Win32
		{E7EE1A91-C62F-48FC-AF47-83A4217F4C5A}.Release|x64.ActiveCfg = Release|x64
		{E7EE1A91-C62F-48FC-AF47-83A4217F4C5A}.Release|x64.Build.0 = Release|x64
		{E7EE1A91-C62F-48FC-AF47-83A4217F4C5A}.Release|x86.ActiveCfg = Release|Win32
		{E7EE1A91-C62F-48FC-AF47-83A4217F4C5A}.Release|x86.Build.0 = Release|Win32
		{31FD77D8-A49C-4D9A-B373-6E683007DC13}.Debug|x64.ActiveCfg = Debug|x64
		{31FD77D8-A49C-4D9A-B373-6E683007DC13}.Debug|x64.Build.0 = Debug|x64
		{31FD77D8-A49C-4D9A-B373-6E683007DC13}.Debug|x86.ActiveCfg = Debug|Win32
		{31FD77D8-A49C-4D9A-B373-6E683007DC13}.Debug|x86.Build.0 = Debug|Win32
		{31FD77D8-A49C-4D9A-B373-6E683007DC13}.Release|x64.ActiveCfg = Release|x64
		{31FD77D8-A49C-4D9A-B373-6E683007DC13}.Release|x64.Build.0 = Release|x64
		{31FD77D8-A49C-4D9A-B373-6E683007DC13}.Release|x86.ActiveCfg = Release|Win32
		{31FD77D8-A49C-4D9A-B373-6E683007DC13}.Release|x86.Build.0 = Release|Win32
		{5E259379-45A9-4BAC-8397-F532D950A9C6}.Debug|x64.ActiveCfg = Debug|x64
		{5E259379-45A9-4BAC-8397-F532D950A9C6}.Debug|x64.Build.0 = Debug|x64
		{5E259379-45A9-4BAC-8397-F532D950A9C6}.Debug|x86.ActiveCfg = Debug|Win32
		{5E259379-45A9-4BAC-8397-F532D950A9C6}.Debug|x86.Build.0 = Debug|Win32
		{5E259379-45A9-4BAC-8397-F532D950A9C6}.Release|x64.ActiveCfg = Release|x64
		{5E259379-45A9-4BAC-8397-F532D950A9C6}.Release|x64.Build.0 = Release|x64
		{5E259379-45A9-4BAC-8397-F532D950A9C6}.Release|x86.ActiveCfg = Release|Win32
		{5E259379-45A9-4BAC-8397-F532D950A9C6}.Release|x86.Build.0 = Release|Win32
		{A5653491-CD8D-42D1-9001-7098F42310EC}.Debug|x64.ActiveCfg = Debug|x64
		{A5653491-CD8D-42D1-9001-7098F42310EC}.Debug|x64.Build.0 = Debug|x64
		{A5653491-CD8D-42D1-9001-7098F42310EC}.Debug|x86.ActiveCfg = Debug|Win32
		{A5653491-CD8D-42D1-9001-7098F42310EC}.Debug|x86.Build.0 = Debug|Win32
		{A5653491-CD8D-42D1-9001-7098F42310EC}.Release|x64.ActiveCfg = Release|x64
		{A5653491-CD8D-42D1-9001-7098F42310EC}.Release|x64.Build.0 = Release|x64
		{A5653491-CD8D-42D1-9001-7098F42310EC}.Release|x86.ActiveCfg = Release|Win32
		{A5653491-CD8D-42D1-9001-7098F42310EC}.Release|x86.Build.0 = Release|Win32
		{7514D0DF-CA3F-45BF-99FD-006750211566}.Debug|x64.ActiveCfg = Debug|x64
		{7514D0DF-CA3F-45BF-99FD-006750211566}.Debug|x64.Build.0 = Debug|x64
		{7514D0DF-CA3F-45BF-99FD-006750211566}.Debug|x86.ActiveCfg = Debug|Win32
		{7514D0DF-CA3F-45BF-99FD-006750211566}.Debug|x86.Build.0 = Debug|Win32
		{7514D0DF-CA3F-45BF-99FD-006750211566}.Release|x64.ActiveCfg = Release|x64
		{7514D0DF-CA3F-45BF-99FD-006750211566}.Release|x64.Build.0 = Release|x64
		{7514D0DF-CA3F-45BF-99FD-006750211566}.Release|x86.ActiveCfg = Release|Win32
		{7514D0DF-CA3F-45BF-99FD-006750211566}.Release|x86.Build.0 = Release|Win32
		{61461882-CA24-4828-B64B-3F3DAA9D2603}.Debug|x64.ActiveCfg = Debug|x64
		{61461882-CA24-4828-B64B-3F3DAA9D2603}.Debug|x64.Build.0 = Debug|x64
		{61461882-CA24-4828-B64B-3F3DAA9D2603}.Debug|x86.ActiveCfg = Debug|Win32
		{61461882-CA24-4828-B64B-3F3DAA9D2603}.Debug|x86.Build.0 = Debug|Win32
		{61461882-CA24-4828-B64B-3F3DAA9D2603}.Release|x64.ActiveCfg = Release|x64
		{61461882-CA24-4828-B64B-3F3DAA9D2603}.Release|x64.Build.0 = Release|x64
		{61461882-CA24-4828-B64B-3F3DAA9D2603}.Release|x86.ActiveCfg = Release|Win32
		{61461882-CA24-4828-B64B-3F3DAA9D2603}.Release|x86.Build.0 = Release|Win32
		{0FA91BD3-6F31-4069-AB5E-61A3AF0C3302}.Debug|x64.ActiveCfg = Debug|x64
		{0FA91BD3-6F31-4069-AB5E-61A3AF0C3302}.Debug|x64.Build.0 = Debug|x64
		{0FA91BD3-6F31-4069-AB5E-61A3AF0C3302}.Debug|x86.ActiveCfg = Debug|Win32
		{0FA91BD3-6F31-4069-AB5E-61A3AF0C3302}.Debug|x86.Build.0 = Debug|Win32
		{0FA91BD3-6F31-4069-AB5E-61A3AF0C3302}.Release|x64.ActiveCfg = Release|x64
		{0FA91BD3-6F31-4069-AB5E-61A3AF0C3302}.Release|x64.Build.0 = Release|x64
		{0FA91BD3-6F31-4069-AB5E-61A3AF0C3302}.Release|x86.ActiveCfg = Release|Win32
		{0FA91BD3-6F31-4069-AB5E-61A3AF0C3302}.Release|x86.Build.0 = Release|Win32
		{03D49C9A-2DFF-4584-AF48-80353C6270BA}.Debug|x64.ActiveCfg = Debug|x64
		{03D49C9A-2DFF-4584-AF48-80353C6270BA}.Debug|x64.Build.0 = Debug|x64
		{03D49C9A-2DFF-4584-AF48-80353C6270BA}.Debug|x86.ActiveCfg = Debug|Win32
		{03D49C9A-2DFF-4584-AF48-80353C6270BA}.Debug|x86.Build.0 = Debug|Win32
		{03D49C9A-2DFF-4584-AF48-80353C6270BA}.Release|x64.ActiveCfg = Release|x64
		{03D49C9A-2DFF-4584-AF48-80353C6270BA}.Release|x64.Build.0 = Release|x64
		{03D49C9A-2DFF-4584-AF48-80353C6270BA}.Release|x86.ActiveCfg = Release|Win32
		{03D49C9A-2DFF-4584-AF48-80353C6270BA}.Release|x86.Build.0 = Release|Win32
	EndGlobalSection
	GlobalSection(SolutionProperties) = preSolution
		HideSolutionNode = FALSE
	EndGlobalSection
	GlobalSection(ExtensibilityGlobals) = postSolution
		SolutionGuid = {4D515167-7B8B-4B7D-BF16-31B78D444E75}
	EndGlobalSection
EndGlobal
