<?xml version="1.0" encoding="utf-8"?>
<Project ToolsVersion="4.0" xmlns="http://schemas.microsoft.com/developer/msbuild/2003">
  <ItemGroup>
    <Filter Include="源文件">
      <UniqueIdentifier>{4FC737F1-C7A5-4376-A066-2A32D752A2FF}</UniqueIdentifier>
      <Extensions>cpp;c;cc;cxx;def;odl;idl;hpj;bat;asm;asmx</Extensions>
    </Filter>
    <Filter Include="头文件">
      <UniqueIdentifier>{93995380-89BD-4b04-88EB-625FBE52EBFB}</UniqueIdentifier>
      <Extensions>h;hh;hpp;hxx;hm;inl;inc;ipp;xsd</Extensions>
    </Filter>
    <Filter Include="资源文件">
      <UniqueIdentifier>{67DA6AB6-F800-4c08-8B7A-83BB121AAD01}</UniqueIdentifier>
      <Extensions>rc;ico;cur;bmp;dlg;rc2;rct;bin;rgs;gif;jpg;jpeg;jpe;resx;tiff;tif;png;wav;mfcribbon-ms</Extensions>
    </Filter>
    <Filter Include="Shader">
      <UniqueIdentifier>{57981bd8-d08b-4393-99ed-0d1f7246418e}</UniqueIdentifier>
    </Filter>
  </ItemGroup>
  <ItemGroup>
    <None Include="ScreenQuad_FS.glsl">
      <Filter>Shader</Filter>
    </None>
    <None Include="SSDOPass_FS.glsl">
      <Filter>Shader</Filter>
    </None>
    <None Include="GbufferPass_VS.glsl">
      <Filter>Shader</Filter>
    </None>
    <None Include="SSAOPass_FS.glsl">
      <Filter>Shader</Filter>
    </None>
    <None Include="GbufferPass_FS.glsl">
      <Filter>Shader</Filter>
    </None>
    <None Include="SSDOBlurPass_FS.glsl">
      <Filter>Shader</Filter>
    </None>
    <None Include="SSAOBlurPass_FS.glsl">
      <Filter>Shader</Filter>
    </None>
    <None Include="SSAOBlurPass_VS.glsl">
      <Filter>Shader</Filter>
    </None>
    <None Include="SSAOPass_VS.glsl">
      <Filter>Shader</Filter>
    </None>
    <None Include="SSDOBlurPass_VS.glsl">
      <Filter>Shader</Filter>
    </None>
    <None Include="SSDOPass_VS.glsl">
      <Filter>Shader</Filter>
    </None>
    <None Include="ScreenQuad_VS.glsl">
      <Filter>Shader</Filter>
    </None>
  </ItemGroup>
  <ItemGroup>
    <ClInclude Include="SSDOPass.h">
      <Filter>头文件</Filter>
    </ClInclude>
    <ClInclude Include="SSDOBlurPass.h">
      <Filter>头文件</Filter>
    </ClInclude>
    <ClInclude Include="GBufferPass.h">
      <Filter>头文件</Filter>
    </ClInclude>
    <ClInclude Include="CornellBox.h">
      <Filter>头文件</Filter>
    </ClInclude>
    <ClInclude Include="SSAOBlurPass.h">
      <Filter>头文件</Filter>
    </ClInclude>
    <ClInclude Include="SSAOPass.h">
      <Filter>头文件</Filter>
    </ClInclude>
    <ClInclude Include="ScreenQuadPass.h">
      <Filter>头文件</Filter>
    </ClInclude>
  </ItemGroup>
  <ItemGroup>
    <ClCompile Include="ScreenQuadPass.cpp">
      <Filter>源文件</Filter>
    </ClCompile>
    <ClCompile Include="main.cpp">
      <Filter>源文件</Filter>
    </ClCompile>
    <ClCompile Include="SSDOPass.cpp">
      <Filter>源文件</Filter>
    </ClCompile>
    <ClCompile Include="SSDOBlurPass.cpp">
      <Filter>源文件</Filter>
    </ClCompile>
    <ClCompile Include="GBufferPass.cpp">
      <Filter>源文件</Filter>
    </ClCompile>
    <ClCompile Include="SSAOPass.cpp">
      <Filter>源文件</Filter>
    </ClCompile>
    <ClCompile Include="SSAOBlurPass.cpp">
      <Filter>源文件</Filter>
    </ClCompile>
    <ClCompile Include="CornellBox.cpp">
      <Filter>源文件</Filter>
    </ClCompile>
  </ItemGroup>
</Project>