<?xml version="1.0" encoding="utf-8"?>
<Project ToolsVersion="4.0" xmlns="http://schemas.microsoft.com/developer/msbuild/2003">
  <ItemGroup>
    <Filter Include="源文件">
      <UniqueIdentifier>{4FC737F1-C7A5-4376-A066-2A32D752A2FF}</UniqueIdentifier>
      <Extensions>cpp;c;cc;cxx;def;odl;idl;hpj;bat;asm;asmx</Extensions>
    </Filter>
    <Filter Include="头文件">
      <UniqueIdentifier>{93995380-89BD-4b04-88EB-625FBE52EBFB}</UniqueIdentifier>
      <Extensions>h;hh;hpp;hxx;hm;inl;inc;ipp;xsd</Extensions>
    </Filter>
    <Filter Include="资源文件">
      <UniqueIdentifier>{67DA6AB6-F800-4c08-8B7A-83BB121AAD01}</UniqueIdentifier>
      <Extensions>rc;ico;cur;bmp;dlg;rc2;rct;bin;rgs;gif;jpg;jpeg;jpe;resx;tiff;tif;png;wav;mfcribbon-ms</Extensions>
    </Filter>
    <Filter Include="Shader">
      <UniqueIdentifier>{fb66c549-ca6e-4513-b247-6eccd288311c}</UniqueIdentifier>
    </Filter>
  </ItemGroup>
  <ItemGroup>
    <None Include="ScreenQuad_FS.glsl">
      <Filter>Shader</Filter>
    </None>
    <None Include="EgdeDetection_CS.glsl">
      <Filter>Shader</Filter>
    </None>
    <None Include="ShadingOnSplitedGBuffer_CS.glsl">
      <Filter>Shader</Filter>
    </None>
    <None Include="SplitGBuffer_CS.glsl">
      <Filter>Shader</Filter>
    </None>
    <None Include="GaussianBlur_CS.glsl">
      <Filter>Shader</Filter>
    </None>
    <None Include="GatherBufferPass_CS.glsl">
      <Filter>Shader</Filter>
    </None>
    <None Include="Sponza_FS.glsl">
      <Filter>Shader</Filter>
    </None>
    <None Include="Sponza_VS.glsl">
      <Filter>Shader</Filter>
    </None>
    <None Include="ScreenQuad_VS.glsl">
      <Filter>Shader</Filter>
    </None>
    <None Include="LowResolution_CS.glsl">
      <Filter>Shader</Filter>
    </None>
    <None Include="ShadingLowResolution_CS.glsl">
      <Filter>Shader</Filter>
    </None>
  </ItemGroup>
  <ItemGroup>
    <ClInclude Include="LightSource.h">
      <Filter>头文件</Filter>
    </ClInclude>
    <ClInclude Include="SplitGBufferPass.h">
      <Filter>头文件</Filter>
    </ClInclude>
    <ClInclude Include="EgdeDetectionPass.h">
      <Filter>头文件</Filter>
    </ClInclude>
    <ClInclude Include="CustomGUI.h">
      <Filter>头文件</Filter>
    </ClInclude>
    <ClInclude Include="GaussianBlurPass.h">
      <Filter>头文件</Filter>
    </ClInclude>
    <ClInclude Include="GatherBufferPass.h">
      <Filter>头文件</Filter>
    </ClInclude>
    <ClInclude Include="ShadingOnSplitedGBufferPass.h">
      <Filter>头文件</Filter>
    </ClInclude>
    <ClInclude Include="SponzaGBufferPass.h">
      <Filter>头文件</Filter>
    </ClInclude>
    <ClInclude Include="Sponza.h">
      <Filter>头文件</Filter>
    </ClInclude>
    <ClInclude Include="ScreenQuadPass.h">
      <Filter>头文件</Filter>
    </ClInclude>
    <ClInclude Include="LowResolutionPass.h">
      <Filter>头文件</Filter>
    </ClInclude>
    <ClInclude Include="ShadingLowResolutionPass.h">
      <Filter>头文件</Filter>
    </ClInclude>
  </ItemGroup>
  <ItemGroup>
    <ClCompile Include="main.cpp">
      <Filter>源文件</Filter>
    </ClCompile>
    <ClCompile Include="ScreenQuadPass.cpp">
      <Filter>源文件</Filter>
    </ClCompile>
    <ClCompile Include="EgdeDetectionPass.cpp">
      <Filter>源文件</Filter>
    </ClCompile>
    <ClCompile Include="CustomGUI.cpp">
      <Filter>源文件</Filter>
    </ClCompile>
    <ClCompile Include="ShadingOnSplitedGBufferPass.cpp">
      <Filter>源文件</Filter>
    </ClCompile>
    <ClCompile Include="SplitGBufferPass.cpp">
      <Filter>源文件</Filter>
    </ClCompile>
    <ClCompile Include="GaussianBlurPass.cpp">
      <Filter>源文件</Filter>
    </ClCompile>
    <ClCompile Include="SponzaGBufferPass.cpp">
      <Filter>源文件</Filter>
    </ClCompile>
    <ClCompile Include="GatherBufferPass.cpp">
      <Filter>源文件</Filter>
    </ClCompile>
    <ClCompile Include="LightSource.cpp">
      <Filter>源文件</Filter>
    </ClCompile>
    <ClCompile Include="Sponza.cpp">
      <Filter>源文件</Filter>
    </ClCompile>
    <ClCompile Include="LowResolutionPass.cpp">
      <Filter>源文件</Filter>
    </ClCompile>
    <ClCompile Include="ShadingLowResolutionPass.cpp">
      <Filter>源文件</Filter>
    </ClCompile>
  </ItemGroup>
</Project>