<?xml version="1.0" encoding="utf-8"?>
<Project ToolsVersion="4.0" xmlns="http://schemas.microsoft.com/developer/msbuild/2003">
  <ItemGroup>
    <Filter Include="Headers">
      <UniqueIdentifier>{C196CD9C-2D76-4C38-368E-D70EA2ECB299}</UniqueIdentifier>
    </Filter>
    <Filter Include="Shader">
      <UniqueIdentifier>{FC0C0CD1-E8AE-36A7-D169-4AFBBDAABDF7}</UniqueIdentifier>
    </Filter>
    <Filter Include="Sources">
      <UniqueIdentifier>{89565304-F535-D29F-FE4D-5D766AAC3801}</UniqueIdentifier>
    </Filter>
  </ItemGroup>
  <ItemGroup>
    <ClInclude Include="CustomGUI.h">
      <Filter>Headers</Filter>
    </ClInclude>
    <ClInclude Include="DirectLightPass.h">
      <Filter>Headers</Filter>
    </ClInclude>
    <ClInclude Include="DynamicObject.h">
      <Filter>Headers</Filter>
    </ClInclude>
    <ClInclude Include="ESMBufferPass.h">
      <Filter>Headers</Filter>
    </ClInclude>
    <ClInclude Include="GBufferPass.h">
      <Filter>Headers</Filter>
    </ClInclude>
    <ClInclude Include="LightCamera.h">
      <Filter>Headers</Filter>
    </ClInclude>
    <ClInclude Include="NonuniformBlurPass.h">
      <Filter>Headers</Filter>
    </ClInclude>
    <ClInclude Include="ScreenQuadPass.h">
      <Filter>Headers</Filter>
    </ClInclude>
    <ClInclude Include="Sponza.h">
      <Filter>Headers</Filter>
    </ClInclude>
  </ItemGroup>
  <ItemGroup>
    <ClCompile Include="CustomGUI.cpp">
      <Filter>Sources</Filter>
    </ClCompile>
    <ClCompile Include="DirectLightPass.cpp">
      <Filter>Sources</Filter>
    </ClCompile>
    <ClCompile Include="DynamicObject.cpp">
      <Filter>Sources</Filter>
    </ClCompile>
    <ClCompile Include="ESMBufferPass.cpp">
      <Filter>Sources</Filter>
    </ClCompile>
    <ClCompile Include="GBufferPass.cpp">
      <Filter>Sources</Filter>
    </ClCompile>
    <ClCompile Include="LightCamera.cpp">
      <Filter>Sources</Filter>
    </ClCompile>
    <ClCompile Include="NonuniformBlurPass.cpp">
      <Filter>Sources</Filter>
    </ClCompile>
    <ClCompile Include="ScreenQuadPass.cpp">
      <Filter>Sources</Filter>
    </ClCompile>
    <ClCompile Include="Sponza.cpp">
      <Filter>Sources</Filter>
    </ClCompile>
    <ClCompile Include="main.cpp">
      <Filter>Sources</Filter>
    </ClCompile>
  </ItemGroup>
  <ItemGroup>
    <None Include="DirectLightPass_CS.glsl">
      <Filter>Shader</Filter>
    </None>
    <None Include="ESMBuffer_FS.glsl">
      <Filter>Shader</Filter>
    </None>
    <None Include="ESMBuffer_VS.glsl">
      <Filter>Shader</Filter>
    </None>
    <None Include="GBufferDynamicObject_FS.glsl">
      <Filter>Shader</Filter>
    </None>
    <None Include="GBufferDynamicObject_VS.glsl">
      <Filter>Shader</Filter>
    </None>
    <None Include="GBuffer_FS.glsl">
      <Filter>Shader</Filter>
    </None>
    <None Include="GBuffer_VS.glsl">
      <Filter>Shader</Filter>
    </None>
    <None Include="NonuniformBlur_FS.glsl">
      <Filter>Shader</Filter>
    </None>
    <None Include="NonuniformBlur_VS.glsl">
      <Filter>Shader</Filter>
    </None>
    <None Include="ScreenQuad_FS.glsl">
      <Filter>Shader</Filter>
    </None>
    <None Include="ScreenQuad_VS.glsl">
      <Filter>Shader</Filter>
    </None>
  </ItemGroup>
</Project>