<?xml version="1.0" encoding="utf-8"?>
<Project ToolsVersion="4.0" xmlns="http://schemas.microsoft.com/developer/msbuild/2003">
  <ItemGroup>
    <Filter Include="源文件">
      <UniqueIdentifier>{4FC737F1-C7A5-4376-A066-2A32D752A2FF}</UniqueIdentifier>
      <Extensions>cpp;c;cc;cxx;def;odl;idl;hpj;bat;asm;asmx</Extensions>
    </Filter>
    <Filter Include="头文件">
      <UniqueIdentifier>{93995380-89BD-4b04-88EB-625FBE52EBFB}</UniqueIdentifier>
      <Extensions>h;hh;hpp;hxx;hm;inl;inc;ipp;xsd</Extensions>
    </Filter>
    <Filter Include="资源文件">
      <UniqueIdentifier>{67DA6AB6-F800-4c08-8B7A-83BB121AAD01}</UniqueIdentifier>
      <Extensions>rc;ico;cur;bmp;dlg;rc2;rct;bin;rgs;gif;jpg;jpeg;jpe;resx;tiff;tif;png;wav;mfcribbon-ms</Extensions>
    </Filter>
    <Filter Include="Shader">
      <UniqueIdentifier>{31fa8429-e7c7-4029-9d9c-c6b627a65639}</UniqueIdentifier>
    </Filter>
  </ItemGroup>
  <ItemGroup>
    <None Include="DirectLightPass_CS.glsl">
      <Filter>Shader</Filter>
    </None>
    <None Include="GBuffer_FS.glsl">
      <Filter>Shader</Filter>
    </None>
    <None Include="GBuffer_VS.glsl">
      <Filter>Shader</Filter>
    </None>
    <None Include="ScreenQuad_FS.glsl">
      <Filter>Shader</Filter>
    </None>
    <None Include="ScreenQuad_VS.glsl">
      <Filter>Shader</Filter>
    </None>
    <None Include="TriangleCutPass_FS.glsl">
      <Filter>Shader</Filter>
    </None>
    <None Include="TriangleCutPass_VS.glsl">
      <Filter>Shader</Filter>
    </None>
    <None Include="TriangleCutPass_GS.glsl">
      <Filter>Shader</Filter>
    </None>
    <None Include="ShadowMap_FS.glsl">
      <Filter>Shader</Filter>
    </None>
    <None Include="ShadowMap_VS.glsl">
      <Filter>Shader</Filter>
    </None>
    <None Include="IndirectShading_FS.glsl">
      <Filter>Shader</Filter>
    </None>
    <None Include="IndirectShading_VS.glsl">
      <Filter>Shader</Filter>
    </None>
  </ItemGroup>
  <ItemGroup>
    <ClInclude Include="Sponza.h">
      <Filter>头文件</Filter>
    </ClInclude>
    <ClInclude Include="CustomGUI.h">
      <Filter>头文件</Filter>
    </ClInclude>
    <ClInclude Include="LightCamera.h">
      <Filter>头文件</Filter>
    </ClInclude>
    <ClInclude Include="DirectLightPass.h">
      <Filter>头文件</Filter>
    </ClInclude>
    <ClInclude Include="ScreenQuadPass.h">
      <Filter>头文件</Filter>
    </ClInclude>
    <ClInclude Include="GBufferPass.h">
      <Filter>头文件</Filter>
    </ClInclude>
    <ClInclude Include="TriangleCutPass.h">
      <Filter>头文件</Filter>
    </ClInclude>
    <ClInclude Include="ShadowMapPass.h">
      <Filter>头文件</Filter>
    </ClInclude>
    <ClInclude Include="IndirectShadingPass.h">
      <Filter>头文件</Filter>
    </ClInclude>
  </ItemGroup>
  <ItemGroup>
    <ClCompile Include="Sponza.cpp">
      <Filter>源文件</Filter>
    </ClCompile>
    <ClCompile Include="main.cpp">
      <Filter>源文件</Filter>
    </ClCompile>
    <ClCompile Include="DirectLightPass.cpp">
      <Filter>源文件</Filter>
    </ClCompile>
    <ClCompile Include="LightCamera.cpp">
      <Filter>源文件</Filter>
    </ClCompile>
    <ClCompile Include="ScreenQuadPass.cpp">
      <Filter>源文件</Filter>
    </ClCompile>
    <ClCompile Include="GBufferPass.cpp">
      <Filter>源文件</Filter>
    </ClCompile>
    <ClCompile Include="CustomGUI.cpp">
      <Filter>源文件</Filter>
    </ClCompile>
    <ClCompile Include="TriangleCutPass.cpp">
      <Filter>源文件</Filter>
    </ClCompile>
    <ClCompile Include="ShadowMapPass.cpp">
      <Filter>源文件</Filter>
    </ClCompile>
    <ClCompile Include="IndirectShadingPass.cpp">
      <Filter>源文件</Filter>
    </ClCompile>
  </ItemGroup>
</Project>