<?xml version="1.0" encoding="utf-8"?>
<Project ToolsVersion="4.0" xmlns="http://schemas.microsoft.com/developer/msbuild/2003">
  <ItemGroup>
    <Filter Include="Headers">
      <UniqueIdentifier>{C196CD9C-2D76-4C38-368E-D70EA2ECB299}</UniqueIdentifier>
    </Filter>
    <Filter Include="Shader">
      <UniqueIdentifier>{FC0C0CD1-E8AE-36A7-D169-4AFBBDAABDF7}</UniqueIdentifier>
    </Filter>
    <Filter Include="Sources">
      <UniqueIdentifier>{89565304-F535-D29F-FE4D-5D766AAC3801}</UniqueIdentifier>
    </Filter>
  </ItemGroup>
  <ItemGroup>
    <ClInclude Include="CalculateEigenPass.h">
      <Filter>Headers</Filter>
    </ClInclude>
    <ClInclude Include="CalculatePlanePass.h">
      <Filter>Headers</Filter>
    </ClInclude>
    <ClInclude Include="CalculateWeightPass.h">
      <Filter>Headers</Filter>
    </ClInclude>
    <ClInclude Include="CustomGUI.h">
      <Filter>Headers</Filter>
    </ClInclude>
    <ClInclude Include="DirectLightPass.h">
      <Filter>Headers</Filter>
    </ClInclude>
    <ClInclude Include="DynamicObject.h">
      <Filter>Headers</Filter>
    </ClInclude>
    <ClInclude Include="FitContinuityPlanePass.h">
      <Filter>Headers</Filter>
    </ClInclude>
    <ClInclude Include="GBufferPass.h">
      <Filter>Headers</Filter>
    </ClInclude>
    <ClInclude Include="GaussianBlurPass.h">
      <Filter>Headers</Filter>
    </ClInclude>
    <ClInclude Include="LightCamera.h">
      <Filter>Headers</Filter>
    </ClInclude>
    <ClInclude Include="LightSourcePass.h">
      <Filter>Headers</Filter>
    </ClInclude>
    <ClInclude Include="LowRSMBufferPass.h">
      <Filter>Headers</Filter>
    </ClInclude>
    <ClInclude Include="NormalComputePass.h">
      <Filter>Headers</Filter>
    </ClInclude>
    <ClInclude Include="RSMBufferPass.h">
      <Filter>Headers</Filter>
    </ClInclude>
    <ClInclude Include="ScreenQuadPass.h">
      <Filter>Headers</Filter>
    </ClInclude>
    <ClInclude Include="ShadingWithRSMAndTilePass.h">
      <Filter>Headers</Filter>
    </ClInclude>
    <ClInclude Include="Sponza.h">
      <Filter>Headers</Filter>
    </ClInclude>
  </ItemGroup>
  <ItemGroup>
    <ClCompile Include="CalculateEigenPass.cpp">
      <Filter>Sources</Filter>
    </ClCompile>
    <ClCompile Include="CalculatePlanePass.cpp">
      <Filter>Sources</Filter>
    </ClCompile>
    <ClCompile Include="CalculateWeightPass.cpp">
      <Filter>Sources</Filter>
    </ClCompile>
    <ClCompile Include="CustomGUI.cpp">
      <Filter>Sources</Filter>
    </ClCompile>
    <ClCompile Include="DirectLightPass.cpp">
      <Filter>Sources</Filter>
    </ClCompile>
    <ClCompile Include="DynamicObject.cpp">
      <Filter>Sources</Filter>
    </ClCompile>
    <ClCompile Include="FitContinuityPlanePass.cpp">
      <Filter>Sources</Filter>
    </ClCompile>
    <ClCompile Include="GBufferPass.cpp">
      <Filter>Sources</Filter>
    </ClCompile>
    <ClCompile Include="GaussianBlurPass.cpp">
      <Filter>Sources</Filter>
    </ClCompile>
    <ClCompile Include="LightCamera.cpp">
      <Filter>Sources</Filter>
    </ClCompile>
    <ClCompile Include="LightSourcePass.cpp">
      <Filter>Sources</Filter>
    </ClCompile>
    <ClCompile Include="LowRSMBufferPass.cpp">
      <Filter>Sources</Filter>
    </ClCompile>
    <ClCompile Include="NormalComputePass.cpp">
      <Filter>Sources</Filter>
    </ClCompile>
    <ClCompile Include="RSMBufferPass.cpp">
      <Filter>Sources</Filter>
    </ClCompile>
    <ClCompile Include="ScreenQuadPass.cpp">
      <Filter>Sources</Filter>
    </ClCompile>
    <ClCompile Include="ShadingWithRSMAndTilePass.cpp">
      <Filter>Sources</Filter>
    </ClCompile>
    <ClCompile Include="Sponza.cpp">
      <Filter>Sources</Filter>
    </ClCompile>
    <ClCompile Include="main.cpp">
      <Filter>Sources</Filter>
    </ClCompile>
  </ItemGroup>
  <ItemGroup>
    <None Include="CalculateEigen_CS.glsl">
      <Filter>Shader</Filter>
    </None>
    <None Include="CalculatePlane_CS.glsl">
      <Filter>Shader</Filter>
    </None>
    <None Include="CalculateWeight_CS.glsl">
      <Filter>Shader</Filter>
    </None>
    <None Include="DirectLightPass_CS.glsl">
      <Filter>Shader</Filter>
    </None>
    <None Include="FitContinuityPlane_CS.glsl">
      <Filter>Shader</Filter>
    </None>
    <None Include="GBufferDynamicObject_FS.glsl">
      <Filter>Shader</Filter>
    </None>
    <None Include="GBufferDynamicObject_VS.glsl">
      <Filter>Shader</Filter>
    </None>
    <None Include="GBuffer_FS.glsl">
      <Filter>Shader</Filter>
    </None>
    <None Include="GBuffer_VS.glsl">
      <Filter>Shader</Filter>
    </None>
    <None Include="GaussianBlur_FS.glsl">
      <Filter>Shader</Filter>
    </None>
    <None Include="GaussianBlur_VS.glsl">
      <Filter>Shader</Filter>
    </None>
    <None Include="LightSource_FS.glsl">
      <Filter>Shader</Filter>
    </None>
    <None Include="LightSource_VS.glsl">
      <Filter>Shader</Filter>
    </None>
    <None Include="LowRSMBuffer_FS.glsl">
      <Filter>Shader</Filter>
    </None>
    <None Include="LowRSMBuffer_VS.glsl">
      <Filter>Shader</Filter>
    </None>
    <None Include="NormalCompute_FS.glsl">
      <Filter>Shader</Filter>
    </None>
    <None Include="NormalCompute_VS.glsl">
      <Filter>Shader</Filter>
    </None>
    <None Include="RSMBufferDynamicObject_FS.glsl">
      <Filter>Shader</Filter>
    </None>
    <None Include="RSMBufferDynamicObject_VS.glsl">
      <Filter>Shader</Filter>
    </None>
    <None Include="RSMBuffer_FS.glsl">
      <Filter>Shader</Filter>
    </None>
    <None Include="RSMBuffer_VS.glsl">
      <Filter>Shader</Filter>
    </None>
    <None Include="ScreenQuad_FS.glsl">
      <Filter>Shader</Filter>
    </None>
    <None Include="ScreenQuad_VS.glsl">
      <Filter>Shader</Filter>
    </None>
    <None Include="ShadingWithRSMAndTile_CS.glsl">
      <Filter>Shader</Filter>
    </None>
  </ItemGroup>
</Project>